{
  "version": 4,
  "terraform_version": "1.11.2",
  "serial": 14,
  "lineage": "62b5b589-b7c7-1293-11fb-082fbefc6cb6",
  "outputs": {
    "acr_name": {
      "value": "cwcentralusacr",
      "type": "string"
    },
    "aks_cluster_name": {
      "value": "cw-centralus-aks_cluster",
      "type": "string"
    },
    "bastion_public_ip": {
      "value": "52.176.44.142",
      "type": "string"
    },
    "rg_name": {
      "value": "cw-centralus-rg",
      "type": "string"
    }
  },
  "resources": [
    {
      "module": "module.acr",
      "mode": "managed",
      "type": "azurerm_container_registry",
      "name": "this",
      "provider": "provider[\"registry.terraform.io/hashicorp/azurerm\"]",
      "instances": [
        {
          "schema_version": 2,
          "attributes": {
            "admin_enabled": true,
            "admin_password": "q9DsFwcZCh6ADTVNuQlkMRHlDv14fFvkcgPKXbEwAc+ACRBfnk5i",
            "admin_username": "cwcentralusacr",
            "anonymous_pull_enabled": false,
            "data_endpoint_enabled": false,
            "encryption": [
              {
                "enabled": false,
                "identity_client_id": "",
                "key_vault_key_id": ""
              }
            ],
            "export_policy_enabled": true,
            "georeplications": [],
            "id": "/subscriptions/269cd6f8-65b9-4af3-b032-8cb95d5a1b00/resourceGroups/cw-centralus-rg/providers/Microsoft.ContainerRegistry/registries/cwcentralusacr",
            "identity": [],
            "location": "centralus",
            "login_server": "cwcentralusacr.azurecr.io",
            "name": "cwcentralusacr",
            "network_rule_bypass_option": "AzureServices",
            "network_rule_set": [],
            "public_network_access_enabled": true,
            "quarantine_policy_enabled": false,
            "resource_group_name": "cw-centralus-rg",
            "retention_policy": [
              {
                "days": 7,
                "enabled": false
              }
            ],
            "sku": "Basic",
            "tags": {
              "environment": "dev",
              "project": "cw"
            },
            "timeouts": null,
            "trust_policy": [
              {
                "enabled": false
              }
            ],
            "zone_redundancy_enabled": false
          },
          "sensitive_attributes": [
            [
              {
                "type": "get_attr",
                "value": "admin_password"
              }
            ]
          ],
          "private": "eyJlMmJmYjczMC1lY2FhLTExZTYtOGY4OC0zNDM2M2JjN2M0YzAiOnsiY3JlYXRlIjoxODAwMDAwMDAwMDAwLCJkZWxldGUiOjE4MDAwMDAwMDAwMDAsInJlYWQiOjMwMDAwMDAwMDAwMCwidXBkYXRlIjoxODAwMDAwMDAwMDAwfSwic2NoZW1hX3ZlcnNpb24iOiIyIn0=",
          "dependencies": [
            "module.resource_group.azurerm_resource_group.this"
          ]
        }
      ]
    },
    {
      "module": "module.bastion_host",
      "mode": "managed",
      "type": "azurerm_linux_virtual_machine",
      "name": "this",
      "provider": "provider[\"registry.terraform.io/hashicorp/azurerm\"]",
      "instances": [
        {
          "schema_version": 0,
          "attributes": {
            "additional_capabilities": [],
            "admin_password": null,
            "admin_ssh_key": [
              {
                "public_key": "ssh-rsa AAAAB3NzaC1yc2EAAAADAQABAAABAQCjmLK0jNU/3ryRRf4kEexpghwlLVkSaeAfUnEWhLP6YbJ94ZpEBxtbJUhVv5jxBQsTr17PHcRjHbnFWtpnhPHKobu9UtwizLIqElIXJ1hJc3c5S4eLo2/nBK+BdVpm0WTw2IFcgAo1hVz+Y+xkVjocT3Idg0gyrARdY2dY7YwCVCHZ/YzuAtrBLnltui9rbehV7l8H/tviSrvwWk30GWSSFVhLup1n+zLrf3C+DC8OSjAwXuPkiunhdsnsXes8XBebH/mv1Dp4wtJ7QDmuGKgOafD2fpbhK+wls5dxvZ9VZv+u53phz+0mIBfm/2tl6dwoO50iuy/vclvNgz3Xubz7",
                "username": "azureuser"
              }
            ],
            "admin_username": "azureuser",
            "allow_extension_operations": true,
            "availability_set_id": "",
            "boot_diagnostics": [],
            "bypass_platform_safety_checks_on_user_schedule_enabled": false,
            "capacity_reservation_group_id": "",
            "computer_name": "cw-centralus-bastion",
            "custom_data": null,
            "dedicated_host_group_id": "",
            "dedicated_host_id": "",
            "disable_password_authentication": true,
            "disk_controller_type": "",
            "edge_zone": "",
            "encryption_at_host_enabled": false,
            "eviction_policy": "",
            "extensions_time_budget": "PT1H30M",
            "gallery_application": [],
            "id": "/subscriptions/269cd6f8-65b9-4af3-b032-8cb95d5a1b00/resourceGroups/cw-centralus-rg/providers/Microsoft.Compute/virtualMachines/cw-centralus-bastion",
            "identity": [],
            "license_type": "",
            "location": "centralus",
            "max_bid_price": -1,
            "name": "cw-centralus-bastion",
            "network_interface_ids": [
              "/subscriptions/269cd6f8-65b9-4af3-b032-8cb95d5a1b00/resourceGroups/cw-centralus-rg/providers/Microsoft.Network/networkInterfaces/cw-centralus-bastion-nic"
            ],
            "os_disk": [
              {
                "caching": "ReadWrite",
                "diff_disk_settings": [],
                "disk_encryption_set_id": "",
                "disk_size_gb": 30,
                "name": "cw-centralus-bastion_disk1_1d01935b9b424b7ca1bf9202e2820754",
                "secure_vm_disk_encryption_set_id": "",
                "security_encryption_type": "",
                "storage_account_type": "Standard_LRS",
                "write_accelerator_enabled": false
              }
            ],
            "os_image_notification": [],
            "patch_assessment_mode": "ImageDefault",
            "patch_mode": "ImageDefault",
            "plan": [],
            "platform_fault_domain": -1,
            "priority": "Regular",
            "private_ip_address": "10.17.2.4",
            "private_ip_addresses": [
              "10.17.2.4"
            ],
            "provision_vm_agent": true,
            "proximity_placement_group_id": "",
            "public_ip_address": "52.176.44.142",
            "public_ip_addresses": [
              "52.176.44.142"
            ],
            "reboot_setting": "",
            "resource_group_name": "cw-centralus-rg",
            "secret": [],
            "secure_boot_enabled": false,
            "size": "Standard_B1s",
            "source_image_id": "",
            "source_image_reference": [
              {
                "offer": "UbuntuServer",
                "publisher": "Canonical",
                "sku": "18.04-LTS",
                "version": "latest"
              }
            ],
            "tags": {
              "environment": "dev",
              "project": "cw"
            },
            "termination_notification": null,
            "timeouts": null,
            "user_data": "",
            "virtual_machine_id": "86a292ac-2c76-4262-8241-405990509b7c",
            "virtual_machine_scale_set_id": "",
            "vm_agent_platform_updates_enabled": false,
            "vtpm_enabled": false,
            "zone": ""
          },
          "sensitive_attributes": [
            [
              {
                "type": "get_attr",
                "value": "admin_password"
              }
            ],
            [
              {
                "type": "get_attr",
                "value": "custom_data"
              }
            ]
          ],
          "private": "eyJlMmJmYjczMC1lY2FhLTExZTYtOGY4OC0zNDM2M2JjN2M0YzAiOnsiY3JlYXRlIjoyNzAwMDAwMDAwMDAwLCJkZWxldGUiOjI3MDAwMDAwMDAwMDAsInJlYWQiOjMwMDAwMDAwMDAwMCwidXBkYXRlIjoyNzAwMDAwMDAwMDAwfX0=",
          "dependencies": [
            "module.bastion_host.azurerm_network_interface.bastion_nic",
            "module.bastion_host.azurerm_public_ip.this",
            "module.resource_group.azurerm_resource_group.this",
            "module.vnet.azurerm_subnet.public",
            "module.vnet.azurerm_virtual_network.this"
          ]
        }
      ]
    },
    {
      "module": "module.bastion_host",
      "mode": "managed",
      "type": "azurerm_network_interface",
      "name": "bastion_nic",
      "provider": "provider[\"registry.terraform.io/hashicorp/azurerm\"]",
      "instances": [
        {
          "schema_version": 0,
          "attributes": {
            "accelerated_networking_enabled": false,
            "applied_dns_servers": [],
            "auxiliary_mode": "",
            "auxiliary_sku": "",
            "dns_servers": [],
            "edge_zone": "",
            "enable_accelerated_networking": false,
            "enable_ip_forwarding": false,
            "id": "/subscriptions/269cd6f8-65b9-4af3-b032-8cb95d5a1b00/resourceGroups/cw-centralus-rg/providers/Microsoft.Network/networkInterfaces/cw-centralus-bastion-nic",
            "internal_dns_name_label": "",
            "internal_domain_name_suffix": "wkbxsero3mkufdvolny1og5aea.gx.internal.cloudapp.net",
            "ip_configuration": [
              {
                "gateway_load_balancer_frontend_ip_configuration_id": "",
                "name": "internal",
                "primary": true,
                "private_ip_address": "10.17.2.4",
                "private_ip_address_allocation": "Dynamic",
                "private_ip_address_version": "IPv4",
                "public_ip_address_id": "/subscriptions/269cd6f8-65b9-4af3-b032-8cb95d5a1b00/resourceGroups/cw-centralus-rg/providers/Microsoft.Network/publicIPAddresses/cw-centralus-bastion-pip",
                "subnet_id": "/subscriptions/269cd6f8-65b9-4af3-b032-8cb95d5a1b00/resourceGroups/cw-centralus-rg/providers/Microsoft.Network/virtualNetworks/cw-centralus-vnet/subnets/cw-centralus-public-subnet"
              }
            ],
            "ip_forwarding_enabled": false,
            "location": "centralus",
            "mac_address": "",
            "name": "cw-centralus-bastion-nic",
            "private_ip_address": "10.17.2.4",
            "private_ip_addresses": [
              "10.17.2.4"
            ],
            "resource_group_name": "cw-centralus-rg",
            "tags": {
              "environment": "dev",
              "project": "cw"
            },
            "timeouts": null,
            "virtual_machine_id": ""
          },
          "sensitive_attributes": [],
          "private": "eyJlMmJmYjczMC1lY2FhLTExZTYtOGY4OC0zNDM2M2JjN2M0YzAiOnsiY3JlYXRlIjoxODAwMDAwMDAwMDAwLCJkZWxldGUiOjE4MDAwMDAwMDAwMDAsInJlYWQiOjMwMDAwMDAwMDAwMCwidXBkYXRlIjoxODAwMDAwMDAwMDAwfX0=",
          "dependencies": [
            "module.bastion_host.azurerm_public_ip.this",
            "module.resource_group.azurerm_resource_group.this",
            "module.vnet.azurerm_subnet.public",
            "module.vnet.azurerm_virtual_network.this"
          ]
        }
      ]
    },
    {
      "module": "module.bastion_host",
      "mode": "managed",
      "type": "azurerm_public_ip",
      "name": "this",
      "provider": "provider[\"registry.terraform.io/hashicorp/azurerm\"]",
      "instances": [
        {
          "schema_version": 0,
          "attributes": {
            "allocation_method": "Static",
            "ddos_protection_mode": "VirtualNetworkInherited",
            "ddos_protection_plan_id": null,
            "domain_name_label": null,
            "edge_zone": "",
            "fqdn": null,
            "id": "/subscriptions/269cd6f8-65b9-4af3-b032-8cb95d5a1b00/resourceGroups/cw-centralus-rg/providers/Microsoft.Network/publicIPAddresses/cw-centralus-bastion-pip",
            "idle_timeout_in_minutes": 4,
            "ip_address": "52.176.44.142",
            "ip_tags": null,
            "ip_version": "IPv4",
            "location": "centralus",
            "name": "cw-centralus-bastion-pip",
            "public_ip_prefix_id": null,
            "resource_group_name": "cw-centralus-rg",
            "reverse_fqdn": null,
            "sku": "Basic",
            "sku_tier": "Regional",
            "tags": {
              "environment": "dev",
              "project": "cw"
            },
            "timeouts": null,
            "zones": null
          },
          "sensitive_attributes": [],
          "private": "eyJlMmJmYjczMC1lY2FhLTExZTYtOGY4OC0zNDM2M2JjN2M0YzAiOnsiY3JlYXRlIjoxODAwMDAwMDAwMDAwLCJkZWxldGUiOjE4MDAwMDAwMDAwMDAsInJlYWQiOjMwMDAwMDAwMDAwMCwidXBkYXRlIjoxODAwMDAwMDAwMDAwfX0=",
          "dependencies": [
            "module.resource_group.azurerm_resource_group.this"
          ]
        }
      ]
    },
    {
      "module": "module.resource_group",
      "mode": "managed",
      "type": "azurerm_resource_group",
      "name": "this",
      "provider": "provider[\"registry.terraform.io/hashicorp/azurerm\"]",
      "instances": [
        {
          "schema_version": 0,
          "attributes": {
            "id": "/subscriptions/269cd6f8-65b9-4af3-b032-8cb95d5a1b00/resourceGroups/cw-centralus-rg",
            "location": "centralus",
            "managed_by": "",
            "name": "cw-centralus-rg",
            "tags": {
              "environment": "dev",
              "project": "cw"
            },
            "timeouts": null
          },
          "sensitive_attributes": [],
          "private": "eyJlMmJmYjczMC1lY2FhLTExZTYtOGY4OC0zNDM2M2JjN2M0YzAiOnsiY3JlYXRlIjo1NDAwMDAwMDAwMDAwLCJkZWxldGUiOjU0MDAwMDAwMDAwMDAsInJlYWQiOjMwMDAwMDAwMDAwMCwidXBkYXRlIjo1NDAwMDAwMDAwMDAwfX0="
        }
      ]
    },
    {
      "module": "module.vnet",
      "mode": "managed",
      "type": "azurerm_network_security_group",
      "name": "aks_nsg",
      "provider": "provider[\"registry.terraform.io/hashicorp/azurerm\"]",
      "instances": [
        {
          "schema_version": 0,
          "attributes": {
            "id": "/subscriptions/269cd6f8-65b9-4af3-b032-8cb95d5a1b00/resourceGroups/cw-centralus-rg/providers/Microsoft.Network/networkSecurityGroups/cw-centralus-aks-subnet-nsg",
            "location": "centralus",
            "name": "cw-centralus-aks-subnet-nsg",
            "resource_group_name": "cw-centralus-rg",
            "security_rule": [],
            "tags": {
              "environment": "dev",
              "project": "cw"
            },
            "timeouts": null
          },
          "sensitive_attributes": [],
          "private": "eyJlMmJmYjczMC1lY2FhLTExZTYtOGY4OC0zNDM2M2JjN2M0YzAiOnsiY3JlYXRlIjoxODAwMDAwMDAwMDAwLCJkZWxldGUiOjE4MDAwMDAwMDAwMDAsInJlYWQiOjMwMDAwMDAwMDAwMCwidXBkYXRlIjoxODAwMDAwMDAwMDAwfX0=",
          "dependencies": [
            "module.resource_group.azurerm_resource_group.this"
          ]
        }
      ]
    },
    {
      "module": "module.vnet",
      "mode": "managed",
      "type": "azurerm_network_security_rule",
      "name": "allow_bastion_to_aks",
      "provider": "provider[\"registry.terraform.io/hashicorp/azurerm\"]",
      "instances": [
        {
          "schema_version": 0,
          "attributes": {
            "access": "Allow",
            "description": "",
            "destination_address_prefix": "10.17.1.0/24",
            "destination_address_prefixes": null,
            "destination_application_security_group_ids": null,
            "destination_port_range": "*",
            "destination_port_ranges": null,
            "direction": "Inbound",
            "id": "/subscriptions/269cd6f8-65b9-4af3-b032-8cb95d5a1b00/resourceGroups/cw-centralus-rg/providers/Microsoft.Network/networkSecurityGroups/cw-centralus-aks-subnet-nsg/securityRules/AllowBastionToAKS",
            "name": "AllowBastionToAKS",
            "network_security_group_name": "cw-centralus-aks-subnet-nsg",
            "priority": 100,
            "protocol": "*",
            "resource_group_name": "cw-centralus-rg",
            "source_address_prefix": "10.17.2.0/24",
            "source_address_prefixes": null,
            "source_application_security_group_ids": null,
            "source_port_range": "*",
            "source_port_ranges": null,
            "timeouts": null
          },
          "sensitive_attributes": [],
          "private": "eyJlMmJmYjczMC1lY2FhLTExZTYtOGY4OC0zNDM2M2JjN2M0YzAiOnsiY3JlYXRlIjoxODAwMDAwMDAwMDAwLCJkZWxldGUiOjE4MDAwMDAwMDAwMDAsInJlYWQiOjMwMDAwMDAwMDAwMCwidXBkYXRlIjoxODAwMDAwMDAwMDAwfX0=",
          "dependencies": [
            "module.resource_group.azurerm_resource_group.this",
            "module.vnet.azurerm_network_security_group.aks_nsg"
          ]
        }
      ]
    },
    {
      "module": "module.vnet",
      "mode": "managed",
      "type": "azurerm_subnet",
      "name": "aks",
      "provider": "provider[\"registry.terraform.io/hashicorp/azurerm\"]",
      "instances": [
        {
          "schema_version": 0,
          "attributes": {
            "address_prefixes": [
              "10.17.1.0/24"
            ],
            "default_outbound_access_enabled": true,
            "delegation": [],
            "enforce_private_link_endpoint_network_policies": false,
            "enforce_private_link_service_network_policies": false,
            "id": "/subscriptions/269cd6f8-65b9-4af3-b032-8cb95d5a1b00/resourceGroups/cw-centralus-rg/providers/Microsoft.Network/virtualNetworks/cw-centralus-vnet/subnets/cw-centralus-aks-subnet",
            "name": "cw-centralus-aks-subnet",
            "private_endpoint_network_policies": "Enabled",
            "private_endpoint_network_policies_enabled": true,
            "private_link_service_network_policies_enabled": true,
            "resource_group_name": "cw-centralus-rg",
            "service_endpoint_policy_ids": null,
            "service_endpoints": null,
            "timeouts": null,
            "virtual_network_name": "cw-centralus-vnet"
          },
          "sensitive_attributes": [],
          "private": "eyJlMmJmYjczMC1lY2FhLTExZTYtOGY4OC0zNDM2M2JjN2M0YzAiOnsiY3JlYXRlIjoxODAwMDAwMDAwMDAwLCJkZWxldGUiOjE4MDAwMDAwMDAwMDAsInJlYWQiOjMwMDAwMDAwMDAwMCwidXBkYXRlIjoxODAwMDAwMDAwMDAwfX0=",
          "dependencies": [
            "module.resource_group.azurerm_resource_group.this",
            "module.vnet.azurerm_virtual_network.this"
          ]
        }
      ]
    },
    {
      "module": "module.vnet",
      "mode": "managed",
      "type": "azurerm_subnet",
      "name": "db",
      "provider": "provider[\"registry.terraform.io/hashicorp/azurerm\"]",
      "instances": [
        {
          "schema_version": 0,
          "attributes": {
            "address_prefixes": [
              "10.17.3.0/24"
            ],
            "default_outbound_access_enabled": true,
            "delegation": [],
            "enforce_private_link_endpoint_network_policies": false,
            "enforce_private_link_service_network_policies": false,
            "id": "/subscriptions/269cd6f8-65b9-4af3-b032-8cb95d5a1b00/resourceGroups/cw-centralus-rg/providers/Microsoft.Network/virtualNetworks/cw-centralus-vnet/subnets/cw-centralus-db-subnet",
            "name": "cw-centralus-db-subnet",
            "private_endpoint_network_policies": "Enabled",
            "private_endpoint_network_policies_enabled": true,
            "private_link_service_network_policies_enabled": true,
            "resource_group_name": "cw-centralus-rg",
            "service_endpoint_policy_ids": null,
            "service_endpoints": null,
            "timeouts": null,
            "virtual_network_name": "cw-centralus-vnet"
          },
          "sensitive_attributes": [],
          "private": "eyJlMmJmYjczMC1lY2FhLTExZTYtOGY4OC0zNDM2M2JjN2M0YzAiOnsiY3JlYXRlIjoxODAwMDAwMDAwMDAwLCJkZWxldGUiOjE4MDAwMDAwMDAwMDAsInJlYWQiOjMwMDAwMDAwMDAwMCwidXBkYXRlIjoxODAwMDAwMDAwMDAwfX0=",
          "dependencies": [
            "module.resource_group.azurerm_resource_group.this",
            "module.vnet.azurerm_virtual_network.this"
          ]
        }
      ]
    },
    {
      "module": "module.vnet",
      "mode": "managed",
      "type": "azurerm_subnet",
      "name": "public",
      "provider": "provider[\"registry.terraform.io/hashicorp/azurerm\"]",
      "instances": [
        {
          "schema_version": 0,
          "attributes": {
            "address_prefixes": [
              "10.17.2.0/24"
            ],
            "default_outbound_access_enabled": true,
            "delegation": [],
            "enforce_private_link_endpoint_network_policies": false,
            "enforce_private_link_service_network_policies": false,
            "id": "/subscriptions/269cd6f8-65b9-4af3-b032-8cb95d5a1b00/resourceGroups/cw-centralus-rg/providers/Microsoft.Network/virtualNetworks/cw-centralus-vnet/subnets/cw-centralus-public-subnet",
            "name": "cw-centralus-public-subnet",
            "private_endpoint_network_policies": "Enabled",
            "private_endpoint_network_policies_enabled": true,
            "private_link_service_network_policies_enabled": true,
            "resource_group_name": "cw-centralus-rg",
            "service_endpoint_policy_ids": null,
            "service_endpoints": null,
            "timeouts": null,
            "virtual_network_name": "cw-centralus-vnet"
          },
          "sensitive_attributes": [],
          "private": "eyJlMmJmYjczMC1lY2FhLTExZTYtOGY4OC0zNDM2M2JjN2M0YzAiOnsiY3JlYXRlIjoxODAwMDAwMDAwMDAwLCJkZWxldGUiOjE4MDAwMDAwMDAwMDAsInJlYWQiOjMwMDAwMDAwMDAwMCwidXBkYXRlIjoxODAwMDAwMDAwMDAwfX0=",
          "dependencies": [
            "module.resource_group.azurerm_resource_group.this",
            "module.vnet.azurerm_virtual_network.this"
          ]
        }
      ]
    },
    {
      "module": "module.vnet",
      "mode": "managed",
      "type": "azurerm_subnet_network_security_group_association",
      "name": "aks_subnet_assoc",
      "provider": "provider[\"registry.terraform.io/hashicorp/azurerm\"]",
      "instances": [
        {
          "schema_version": 0,
          "attributes": {
            "id": "/subscriptions/269cd6f8-65b9-4af3-b032-8cb95d5a1b00/resourceGroups/cw-centralus-rg/providers/Microsoft.Network/virtualNetworks/cw-centralus-vnet/subnets/cw-centralus-aks-subnet",
            "network_security_group_id": "/subscriptions/269cd6f8-65b9-4af3-b032-8cb95d5a1b00/resourceGroups/cw-centralus-rg/providers/Microsoft.Network/networkSecurityGroups/cw-centralus-aks-subnet-nsg",
            "subnet_id": "/subscriptions/269cd6f8-65b9-4af3-b032-8cb95d5a1b00/resourceGroups/cw-centralus-rg/providers/Microsoft.Network/virtualNetworks/cw-centralus-vnet/subnets/cw-centralus-aks-subnet",
            "timeouts": null
          },
          "sensitive_attributes": [],
          "private": "eyJlMmJmYjczMC1lY2FhLTExZTYtOGY4OC0zNDM2M2JjN2M0YzAiOnsiY3JlYXRlIjoxODAwMDAwMDAwMDAwLCJkZWxldGUiOjE4MDAwMDAwMDAwMDAsInJlYWQiOjMwMDAwMDAwMDAwMH19",
          "dependencies": [
            "module.resource_group.azurerm_resource_group.this",
            "module.vnet.azurerm_network_security_group.aks_nsg",
            "module.vnet.azurerm_subnet.aks",
            "module.vnet.azurerm_virtual_network.this"
          ]
        }
      ]
    },
    {
      "module": "module.vnet",
      "mode": "managed",
      "type": "azurerm_virtual_network",
      "name": "this",
      "provider": "provider[\"registry.terraform.io/hashicorp/azurerm\"]",
      "instances": [
        {
          "schema_version": 0,
          "attributes": {
            "address_space": [
              "10.17.0.0/16"
            ],
            "bgp_community": "",
            "ddos_protection_plan": [],
            "dns_servers": [],
            "edge_zone": "",
            "encryption": [],
            "flow_timeout_in_minutes": 0,
            "guid": "127983b2-eb2e-4215-8eae-5b71b71be020",
            "id": "/subscriptions/269cd6f8-65b9-4af3-b032-8cb95d5a1b00/resourceGroups/cw-centralus-rg/providers/Microsoft.Network/virtualNetworks/cw-centralus-vnet",
            "location": "centralus",
            "name": "cw-centralus-vnet",
            "resource_group_name": "cw-centralus-rg",
            "subnet": [],
            "tags": {
              "environment": "dev",
              "project": "cw"
            },
            "timeouts": null
          },
          "sensitive_attributes": [],
          "private": "eyJlMmJmYjczMC1lY2FhLTExZTYtOGY4OC0zNDM2M2JjN2M0YzAiOnsiY3JlYXRlIjoxODAwMDAwMDAwMDAwLCJkZWxldGUiOjE4MDAwMDAwMDAwMDAsInJlYWQiOjMwMDAwMDAwMDAwMCwidXBkYXRlIjoxODAwMDAwMDAwMDAwfX0=",
          "dependencies": [
            "module.resource_group.azurerm_resource_group.this"
          ]
        }
      ]
    }
  ],
  "check_results": null
}
