{
  "version": 4,
  "terraform_version": "1.11.2",
  "serial": 17,
  "lineage": "62b5b589-b7c7-1293-11fb-082fbefc6cb6",
  "outputs": {
    "acr_name": {
      "value": "cwcentralusacr",
      "type": "string"
    },
    "aks_cluster_name": {
      "value": "cw-centralus-aks_cluster",
      "type": "string"
    },
    "bastion_public_ip": {
      "value": "52.176.44.142",
      "type": "string"
    },
    "rg_name": {
      "value": "cw-centralus-rg",
      "type": "string"
    }
  },
  "resources": [
    {
      "module": "module.acr",
      "mode": "managed",
      "type": "azurerm_container_registry",
      "name": "this",
      "provider": "provider[\"registry.terraform.io/hashicorp/azurerm\"]",
      "instances": [
        {
          "schema_version": 2,
          "attributes": {
            "admin_enabled": true,
            "admin_password": "q9DsFwcZCh6ADTVNuQlkMRHlDv14fFvkcgPKXbEwAc+ACRBfnk5i",
            "admin_username": "cwcentralusacr",
            "anonymous_pull_enabled": false,
            "data_endpoint_enabled": false,
            "encryption": [
              {
                "enabled": false,
                "identity_client_id": "",
                "key_vault_key_id": ""
              }
            ],
            "export_policy_enabled": true,
            "georeplications": [],
            "id": "/subscriptions/269cd6f8-65b9-4af3-b032-8cb95d5a1b00/resourceGroups/cw-centralus-rg/providers/Microsoft.ContainerRegistry/registries/cwcentralusacr",
            "identity": [],
            "location": "centralus",
            "login_server": "cwcentralusacr.azurecr.io",
            "name": "cwcentralusacr",
            "network_rule_bypass_option": "AzureServices",
            "network_rule_set": [],
            "public_network_access_enabled": true,
            "quarantine_policy_enabled": false,
            "resource_group_name": "cw-centralus-rg",
            "retention_policy": [
              {
                "days": 7,
                "enabled": false
              }
            ],
            "sku": "Basic",
            "tags": {
              "environment": "dev",
              "project": "cw"
            },
            "timeouts": null,
            "trust_policy": [
              {
                "enabled": false
              }
            ],
            "zone_redundancy_enabled": false
          },
          "sensitive_attributes": [
            [
              {
                "type": "get_attr",
                "value": "admin_password"
              }
            ]
          ],
          "private": "eyJlMmJmYjczMC1lY2FhLTExZTYtOGY4OC0zNDM2M2JjN2M0YzAiOnsiY3JlYXRlIjoxODAwMDAwMDAwMDAwLCJkZWxldGUiOjE4MDAwMDAwMDAwMDAsInJlYWQiOjMwMDAwMDAwMDAwMCwidXBkYXRlIjoxODAwMDAwMDAwMDAwfSwic2NoZW1hX3ZlcnNpb24iOiIyIn0=",
          "dependencies": [
            "module.resource_group.azurerm_resource_group.this"
          ]
        }
      ]
    },
    {
      "module": "module.aks",
      "mode": "managed",
      "type": "azurerm_kubernetes_cluster",
      "name": "this",
      "provider": "provider[\"registry.terraform.io/hashicorp/azurerm\"]",
      "instances": [
        {
          "schema_version": 2,
          "attributes": {
            "aci_connector_linux": [],
            "api_server_access_profile": [],
            "api_server_authorized_ip_ranges": [],
            "auto_scaler_profile": [
              {
                "balance_similar_node_groups": false,
                "empty_bulk_delete_max": "10",
                "expander": "random",
                "max_graceful_termination_sec": "600",
                "max_node_provisioning_time": "15m",
                "max_unready_nodes": 3,
                "max_unready_percentage": 45,
                "new_pod_scale_up_delay": "0s",
                "scale_down_delay_after_add": "10m",
                "scale_down_delay_after_delete": "10s",
                "scale_down_delay_after_failure": "3m",
                "scale_down_unneeded": "10m",
                "scale_down_unready": "20m",
                "scale_down_utilization_threshold": "0.5",
                "scan_interval": "10s",
                "skip_nodes_with_local_storage": false,
                "skip_nodes_with_system_pods": true
              }
            ],
            "automatic_channel_upgrade": "",
            "azure_active_directory_role_based_access_control": [],
            "azure_policy_enabled": null,
            "confidential_computing": [],
            "cost_analysis_enabled": false,
            "current_kubernetes_version": "1.30.9",
            "custom_ca_trust_certificates_base64": null,
            "default_node_pool": [
              {
                "capacity_reservation_group_id": "",
                "custom_ca_trust_enabled": false,
                "enable_auto_scaling": true,
                "enable_host_encryption": false,
                "enable_node_public_ip": false,
                "fips_enabled": false,
                "gpu_instance": "",
                "host_group_id": "",
                "kubelet_config": [],
                "kubelet_disk_type": "OS",
                "linux_os_config": [],
                "max_count": 2,
                "max_pods": 30,
                "message_of_the_day": "",
                "min_count": 1,
                "name": "agentpool",
                "node_count": 1,
                "node_labels": {},
                "node_network_profile": [],
                "node_public_ip_prefix_id": "",
                "node_taints": null,
                "only_critical_addons_enabled": false,
                "orchestrator_version": "1.30",
                "os_disk_size_gb": 128,
                "os_disk_type": "Managed",
                "os_sku": "Ubuntu",
                "pod_subnet_id": "",
                "proximity_placement_group_id": "",
                "scale_down_mode": "Delete",
                "snapshot_id": "",
                "tags": null,
                "temporary_name_for_rotation": "",
                "type": "VirtualMachineScaleSets",
                "ultra_ssd_enabled": false,
                "upgrade_settings": [
                  {
                    "drain_timeout_in_minutes": 0,
                    "max_surge": "10%",
                    "node_soak_duration_in_minutes": 0
                  }
                ],
                "vm_size": "Standard_B2ms",
                "vnet_subnet_id": "/subscriptions/269cd6f8-65b9-4af3-b032-8cb95d5a1b00/resourceGroups/cw-centralus-rg/providers/Microsoft.Network/virtualNetworks/cw-centralus-vnet/subnets/cw-centralus-aks-subnet",
                "workload_runtime": "",
                "zones": null
              }
            ],
            "disk_encryption_set_id": "",
            "dns_prefix": "cwcentralus",
            "dns_prefix_private_cluster": "",
            "edge_zone": "",
            "enable_pod_security_policy": false,
            "fqdn": "cwcentralus-3oghccyf.hcp.centralus.azmk8s.io",
            "http_application_routing_enabled": null,
            "http_application_routing_zone_name": null,
            "http_proxy_config": [],
            "id": "/subscriptions/269cd6f8-65b9-4af3-b032-8cb95d5a1b00/resourceGroups/cw-centralus-rg/providers/Microsoft.ContainerService/managedClusters/cw-centralus-aks_cluster",
            "identity": [
              {
                "identity_ids": null,
                "principal_id": "1a6962cb-7838-4038-9441-8ec8e078b25f",
                "tenant_id": "d82ed3f5-b727-44c0-b625-5abb16a39c36",
                "type": "SystemAssigned"
              }
            ],
            "image_cleaner_enabled": false,
            "image_cleaner_interval_hours": 48,
            "ingress_application_gateway": [],
            "key_management_service": [],
            "key_vault_secrets_provider": [],
            "kube_admin_config": [],
            "kube_admin_config_raw": "",
            "kube_config": [
              {
                "client_certificate": "LS0tLS1CRUdJTiBDRVJUSUZJQ0FURS0tLS0tCk1JSUZIVENDQXdXZ0F3SUJBZ0lRVGJCMUtERllqNTgwOE14dW9SbzFWekFOQmdrcWhraUc5dzBCQVFzRkFEQU4KTVFzd0NRWURWUVFERXdKallUQWVGdzB5TlRBek1qQXlNVEEyTkROYUZ3MHlOekF6TWpBeU1URTJORE5hTURBeApGekFWQmdOVkJBb1REbk41YzNSbGJUcHRZWE4wWlhKek1SVXdFd1lEVlFRREV3eHRZWE4wWlhKamJHbGxiblF3CmdnSWlNQTBHQ1NxR1NJYjNEUUVCQVFVQUE0SUNEd0F3Z2dJS0FvSUNBUUNrdTBkeEpMSFZ1VWRPb290U256UGsKL1pONTdRZzgwZlJPbFNXd0NjbzdRMzZwcWdpVW0zMTZoWlBhQUc4S1FOMVlVVHphUTl5clliRVlHUC91QjJNMwpNMW5iR0dRRmlpR2pQWjllbW8vZncvb1pDdzg4RnhhdmJWek1SNVArMWkzVStRVEE0RGFqU0Z2TXQvTTdnRFpPCmtaYkZaME9nN0ZEdGVrRHNtSmxyQzFFWVJsbDFoME9FOTdFSTlaTEk3MkFLUXVYT0lNa2FVM2tBZFVqczZXUVgKZUg3eTNBSDhaRzBTQkdQOWlNU2Z2N0FPdjB3MDFZekJ3QXNHTDhrdGlRaEV4cWc1NjE4NmEyN0Y2a2ZNYnh5ZQpRK0VWS0tBajdFVFZNL09DbWxuS1Y0S1IzMzNlVXA2akFDc3o0cVNnOFJTT01NNDM4UzUzUk9mRThmOTNkY2t6Cm1qNzNrSUNVcmpOUWNURzlwbXhUS25JODVOcTlxUUlPODhBbkxFZ0ptaGp6ajVlZ20wSlpRV0RZZGk5YlczT2UKWVdkYS9ZQ1IvbUNBNWxxVXVmMUd3N2dpckJvS2dPYWlaOGoyVmdjb2xReEFQNzFpZnM1VUdubXUrYWxEVVlVcApPL0FBNDJ2Slc4OWJNa2V6TGxVNXhudDNtdVFISnJMVUhIZkxLKzVUK054bkZjNTUyekViTGJ1UFFnZCtVQlgxCjdBUjQyU2duU1VhbG8rd0d0WkhvYVpaaUVMamZvempDS0dZSHRrV1l2UUhqeWVaTGVLbTBWMEk4by9LcTZzc0gKdEpDdmUwdUdiMWVWQTBINnVBMkhjV0xBbUNNTkg0WldwbVlGWmp5a0RWcmI0dkFyZTNxNnI2NVlLT01EWU10SgpVQlhvM1o5MTc3QklYaUQrRTg3YnlRSURBUUFCbzFZd1ZEQU9CZ05WSFE4QkFmOEVCQU1DQmFBd0V3WURWUjBsCkJBd3dDZ1lJS3dZQkJRVUhBd0l3REFZRFZSMFRBUUgvQkFJd0FEQWZCZ05WSFNNRUdEQVdnQlQrTmVib09GUU4KZS8vZGVlUDJSMU1hdFEremhqQU5CZ2txaGtpRzl3MEJBUXNGQUFPQ0FnRUFFVnptU2doUmtYUG96VXNINjNkaAphNkVzdENMNkR3c0xGTzlnR2JobVR0MmpKY2N0cXYrcEtTVGtoVzF5T1BBN1psM0ZjQkJYckVLdzRoUTgyU2tNCjBGcXFPenpvMkhZMWRzVlE1YkVxVC93cFZCYWVjWlBhYW02S2pCM3JSY1BuTTBCZkhka1pqVVpnVkZtZDE4Q3QKL0ZrcTRGWEJMcW9WanhlUlZkTzhCVmJ1YXVaS0FCaExmZDlBdnZRN3ZDTGFteWFjTGVhSGg2TW54eE5sTjVDUwp5UU52U3VZRm9IWVhldk5YS29RU3NVV2FnV1QwSnhsbnQ5OXh3ejd1eFJNYkgrNTlxSVhTQ0V0SUVRaFZGbzdLCmRpUVBxNWVWbno3aTRMeE94aDJnb2NaQ1dQc1YwQU5TTzR0dys5aDVuRzFOYjZKNlJnR2U3YWFyK1dMZWRXOU0KdC9hSFpYSmsxY3pJaGNHc2pHZWJqZEFFeXFYQnlGZW1LR0EybklSbjdUcjBKbjRBQ09TeDFTVE9TV0VpcjBqcwpVS2Z0Q2ZNSWJUWnlscys4QlYvTWdBRlBSdjJ5SU83cnhrTTEzZDdXU084ZzcxY25rWTNTTXhLZVlZcVVIemNuCk9kUFF1Q3FLN2hPTkkyTG5rSmVhNitubEV4aHVQQjVJSW1LV3hvSkVNbFN3bDZCZ2NlQUdHZ1p1aXU0eE42SzcKSGo0U1BYclcya0NjYitGRVBvc0taOTUzcUNSSEZKZXpzWUVpUUYxWko0UWJEeXd2by9hUGVwUy9za29MRWZiVAoxWUc0aGhPVkdaTmZGeVd4WVlMaEpQcGpma2Y5NS9YaU5jQnFQak5EMkNXY0dmWGtIQ1NKWlZpODZEdGdVWGVjCldnQ3djWm0vNS8ycWlFNWFmNW52RHFZPQotLS0tLUVORCBDRVJUSUZJQ0FURS0tLS0tCg==",
                "client_key": "LS0tLS1CRUdJTiBSU0EgUFJJVkFURSBLRVktLS0tLQpNSUlKS1FJQkFBS0NBZ0VBcEx0SGNTU3gxYmxIVHFLTFVwOHo1UDJUZWUwSVBOSDBUcFVsc0FuS08wTitxYW9JCmxKdDllb1dUMmdCdkNrRGRXRkU4MmtQY3EyR3hHQmovN2dkak56TloyeGhrQllvaG96MmZYcHFQMzhQNkdRc1AKUEJjV3IyMWN6RWVUL3RZdDFQa0V3T0EybzBoYnpMZnpPNEEyVHBHV3hXZERvT3hRN1hwQTdKaVphd3RSR0VaWgpkWWREaFBleENQV1N5TzlnQ2tMbHppREpHbE41QUhWSTdPbGtGM2grOHR3Qi9HUnRFZ1JqL1lqRW43K3dEcjlNCk5OV013Y0FMQmkvSkxZa0lSTWFvT2V0Zk9tdHV4ZXBIekc4Y25rUGhGU2lnSSt4RTFUUHpncHBaeWxlQ2tkOTkKM2xLZW93QXJNK0trb1BFVWpqRE9OL0V1ZDBUbnhQSC9kM1hKTTVvKzk1Q0FsSzR6VUhFeHZhWnNVeXB5UE9UYQp2YWtDRHZQQUp5eElDWm9ZODQrWG9KdENXVUZnMkhZdlcxdHpubUZuV3YyQWtmNWdnT1phbExuOVJzTzRJcXdhCkNvRG1vbWZJOWxZSEtKVU1RRCs5WW43T1ZCcDVydm1wUTFHRktUdndBT05yeVZ2UFd6SkhzeTVWT2NaN2Q1cmsKQnlheTFCeDN5eXZ1VS9qY1p4WE9lZHN4R3kyN2owSUhmbEFWOWV3RWVOa29KMGxHcGFQc0JyV1I2R21XWWhDNAozNk00d2lobUI3WkZtTDBCNDhubVMzaXB0RmRDUEtQeXF1ckxCN1NRcjN0TGhtOVhsUU5CK3JnTmgzRml3SmdqCkRSK0dWcVptQldZOHBBMWEyK0x3SzN0NnVxK3VXQ2pqQTJETFNWQVY2TjJmZGUrd1NGNGcvaFBPMjhrQ0F3RUEKQVFLQ0FnQnRDbjYyMlRoU0phdWExS051bEcxd2RaM0tSbWwrZ09lN29LUnF5NEF2REhWcWIxL3dwcUEvbXU0TQpqdDd4cFpBZTV0OW1CeWVwMWllNHNNdXdUdm1RejQvNkpFSUpISzg1ZEEvck9scGtIMENNbFRLSGJ5MFlBRWM5Ci9WOXNmMitsR3hUWGExTWZjRVU3MU1QUHJnWEVxa0JuK1B2ZUtLOUZFdmlvNURZaGtrTWkwMlppRXFCU0F2Y1AKM0NaR2xaVTRGYUl5ZUtkRm90MWt2VDRCZkZoQjVRUDdWRUNJUmgyZ29JRmprTVcrak05SVk3NVk5c2FPZGNXVwpXY2xNTi9uZU5MV2thVFlHNEpoWnI4UEpBZitxajNvTlhHL3NkM2Ywdk1mQ3V0TVd5aWhtME01cmZMci9ZSnc0Cll4emdYOVJnYnRRQ1djYU5NbkpNZm5mQkpwbUFXMjZEUkVmaDdPdWNjZERYVkxPbTNTTnNUMlBIaDNRSjZkUmEKU1NLZkVvM1NCcy8rYzRqMyt3OWRHK1NwNHNhek1sSW1LUlkxYmdOYkdhZjlSTmlyUC85NjNHckFGZ1pkaHcwbgpMWlVGV2preEFVZndFRDZxd2R1ZUQ2V2VURU82MHVvWjk0SThYTWM5REh1dFUwcEdocHcwdm51UWZnd3c1dnFRCjV1Q0pIUDJRQ1RpUVhaOU9nbm84ZlI3amI0TkNlZTlwWCtPeDE1U1g0bTN2SVlqeXdXQ3pTeE5BR213VzIrZ2oKbWVIRU5GaDBneUVnVDVjbWtqdU1EaGVCQk13NjZ0aWcxTkpaTGpoVEhzOSs3NjBSSnNOZUxvSU10NU1YVVdkawozVHhscDg2KzBBQzFEV01qSkd0NWxQaE1DaVZtRkd6ak9kMW1CVmJBcnZ0eldwVVNKUUtDQVFFQXdBOUQyaEh4Ck1GSXFvQVNIa2Vob1JZUm1Vb3JmSEhCZENaSzdvc21wdUpzcGNyV21GNWp6T0k2NlJ5NWpibUwvdHJFTk5DdTYKZVB4eUtxNG9OeUtuTlM1OVVxWEQ4Nyt3RERjcTVlb2hpZTNsN1VNQ2w3MmJ0VjgxSllKZUpTZ1RTK1pGSmtqYwoxTmVZWTdHenYrS2t1cEhEcCtYS3JNT1V3YUxaU0ZMMytjRGRybWZNOEU1U3Q4TjlzVjVidGtPaUFFaGhtTk1sCkY2a3pid2c0S09DVlJ2bjVCOHlMMXRtNzkxK1JzOWswcmdvc1E5S1QyWThuRllXeng4b1E5bk1QYXJzOXFsTlcKeGpqTDFGb1pIaEFsSmxpVisyVW1mdmFZT0duRFcwN2lGMWJyMzd4Zm9IUWNlckZXc2hDTUhCUUt2RVJRcmcwcApjVXFXaFNVcG9rMk1qd0tDQVFFQTI1THFMcExuL1BWc0RudUU4a3pjcG1YeTFWOXA0QVZERGpudUVCZzl3TTRrCmlnSHpJUGV4VW1JVG92cyszNkxnRk45b3BiY3FKZnREYTBCZUQyRXhsWDh0a1VVaVFxUVNrR0daSk1EK0poMEUKanFjbEhxSHk1dm1QT1pQb2ppMEZGNEYxSnFTT2JyZGJOUWJJWEpOQW1keXFRdUc2U1VyMjJJTkk1bEdmdUxQRwptRURxaG1QdUdCT1dDNEQyWC9sU3NUYVRCdmRSR041a1diYmxPQjlCcW15bllHQXd3a2p2TUVzaTJ3TlV6WjZvCkpFcFVqY1pxMno1aml2MThqdzNQcUg5anFCcEQvaWpUNUtLeWN5MTB4dFVBdTNCQVpnTExXQzBlUzU4L3JFNlkKaStDQnBieWtzR29IeUI0bmxubHZGaG1JUElEVGRpOGgwQWxsRFZkdUp3S0NBUUVBcEQxcG5OYXpGc3R0UUNJZgpmUnJ0OEdUa3k3bU9TbGVjZUU5T3Zrc09KSndydWJpMUxJRFRuWTRRcGtaNUtURG4xR2RjRHoxRjNhaWtTUE5kCjJLaDlyUER3b3ZpMnRYODdJWGNiN0Rsb0xQZVFKSEdsaWZYUGJpN1kyQmJBUTY0ZHNrNWMyL3g3UEZpU0xNOE8KRkEzUktPcjJFbUprQzVIRmFFSEc1aDV0aU5yeHQrOTBSaHYwaU1sWWQ1RmxoRndaOFh2MFdpaFdGQUhSeGlXVgpRUCt0S0dFa0lSTStrcURvS1FkRkpqT2M1U2cxNmxudHJhTEpuWklVeDhsNDhBZzlLdHlzUXplNWdSR1kzU09mClR5SW5Zcjltb3ZGQkZsbnltbXQzY0dIbzNtU3FtVTRSeUxrQ2tibU5sZ0Nva0dwak05U0gyZy9QWE42WUVZeFMKS2tWKzZRS0NBUUVBeFdKaWhvK2xZRzYzUHFXbk03SUl3TVR3OFFNZXlEV3l1LzB6bHVCVDB4ajlHOXI0MXZBVApSWDNKTFVBeW14TnQ0UldjbXl2M0JjSEVMNHZqZ212YkNRc1V5WHllZWMzSXFtWXlKeW9lemVCVUVuRUxHMmgyClZWQ09naklHWXBqeDlObDVtTTFoQlFKclNWWFprKzhEcWMwR2VhMDFxMkZxV2VSYkNrRGlGa1gyQnpTRUgxK0IKejc3N3FVZTdNemVNTUtaZ3NXaHVUSzdQQXg4NUc2UnRnV2kvWmhIU2d6VFJZRmFLOU5zZnh1QVRRdHhXK2tRZQpGdzBVcXdPSWo0alkzaDMyVmsyV1Jjb3FBV1NJaXFXWVRvMTRaUWRadk5wU05lZ0pUZTNRYlhNU0N0dzliK0lQCklrK093MFRvVFlySVk5Tjc5dmZRSUhQcUwzdmlqWVhGRFFLQ0FRQkVsekV6VWhVQ2xocDRzRTMzWDVJbGZ1OUcKV003MFZPYUxHMW1ZVDV0c2M4dU5TWG55MXhuY0NFQy9nYmU2c1B6RVppVXNCNFFWdHYrQ3dlRlRpM2JTUXZyUwpXQnFMM3drOTdwS2ZkNHFpcENodUxHWGpaa21PREpSeGtIUWVKZEF6R09tV3dMbVRxQzF5MGo2ZjAzelJxbjJmCmowU2p4dnJNYSsxdWNBTkxaVmwvMGtQaWpuem52clFLWkw0bkU1Y2lYR1VmclpZK28zVFhFMEdTU3BTSURMUloKSmJqNmFrQU1VdnFabDJCVitmbTk1OVc3bzF2TW4wZjNUcjNWY1BvNmdid0FCRnJ6YitYSUlKYmpZUTQ3NlVHYgpYKzRvNngxZlJ4MnR6Q2cyZ0NTMUxoRW9nWkp0V0diejZySjd1VU52cmwwZ3lPNVZqRUNKZGl1WmtwRHIKLS0tLS1FTkQgUlNBIFBSSVZBVEUgS0VZLS0tLS0K",
                "cluster_ca_certificate": "LS0tLS1CRUdJTiBDRVJUSUZJQ0FURS0tLS0tCk1JSUU2RENDQXRDZ0F3SUJBZ0lRTG5mVnNyL1E4TFdJMDNrWXlTMnNUakFOQmdrcWhraUc5dzBCQVFzRkFEQU4KTVFzd0NRWURWUVFERXdKallUQWdGdzB5TlRBek1qQXlNVEEyTkRKYUdBOHlNRFUxTURNeU1ESXhNVFkwTWxvdwpEVEVMTUFrR0ExVUVBeE1DWTJFd2dnSWlNQTBHQ1NxR1NJYjNEUUVCQVFVQUE0SUNEd0F3Z2dJS0FvSUNBUUR2CnFIU0dGQndieng4MVpod3prU2QyWEdBVmx3d1pwK1MvNE1zTUN1dVUvM0lIZXlleW94d2RGOW95andpNmQ4TWoKTmd5SXpzTnQxeTRNcStwbUNQQjNza1lDVkFHVmZzZU1ySW4xMjhvaU9uUkhobS9XbU1vTGx6RlBtVzVqNzV1Nwp0S1FzNG4zNjFldzlJVGNQNE1Lb1dpSDI5QkJaclRKRWFmVmVHbUIrQkxjbkVuVlErNElNdEhTenpIaThCcXdPCmZPMEw0Si9GakNZTlBlNmxhdEZMYUpzTnkxZ01WcGpLanIzMGxuWjJZL3NVdGxiNXBEam1nT0x3ZTU3Y0VHVmcKbVhJOG5IQ2JkOFkvWWd3NGY5Tmo3WnZDYk1FRmtxeHFQYm9zU3luV0dBd2ZlSGVvc3hXeGRST2ZxT05MZVNyRQpqK2NlQVY5SW1QTFVDSldiL1BKTWVNSi9na0hVSlhiWmRncXR3Q1pyeFVYaGN2aWZMZS82QTV0UmZLUGpVQzRGCkppeHZiVVBoanlMdGJtcXJUQlpuNEluSmhIU3NaRlJLQk1ReENaQ1ZETzFqdXlqZktDV2pvWTY2cDZnR2NaSncKQ29iRkpnRkVwTVEzSkJtTnM4cldJclNBUXlHS1pXWnNUMWJIOFM4VXVlc0YxTEU3bXZhdlZjVWJnaHR2MXQ5QwpmbGl3aGpCd0RUSWRrSmkxQjRySTVRNHR0bS9zaGJaRURzYkRuQ2VpUElnYktHOTN4c1NlNGlmZ1Mramh0UHEyCm5sQk5ENEc3THBGcWdCYU1XdUg3bXVFRm1EeGd2SndsMDlkcWJuY0RONGlZQ1AzT0g4NUtHYXUrNk1aM3NZZFEKQUhoVFY3L3FQZmltZkdqMDA0bmFqZ1dERzlVWlhhUWg5QVVCU3FJZ3l3SURBUUFCbzBJd1FEQU9CZ05WSFE4QgpBZjhFQkFNQ0FxUXdEd1lEVlIwVEFRSC9CQVV3QXdFQi96QWRCZ05WSFE0RUZnUVUvalhtNkRoVURYdi8zWG5qCjlrZFRHclVQczRZd0RRWUpLb1pJaHZjTkFRRUxCUUFEZ2dJQkFHbDJvVFQ3bFFDZkFWdmN3em1GWkoxNHZzSFAKRGJ4eHFZcGEwRnphVklwM1phWkhaVCs1RkUvZ3NwQnJoVEQxSjBPd3MvdmRJR3o4b29jZkcvd3IwL2U2eFFRMwp6UDkzUk53dHFYcFJEZUNDdWFoK0ZuSGJkWXVjR1FxUWxBWnJya2NhS3ZGREJ6eU55eVpMNlNmd3lhUXRnRUdCClVnRkkxa1daQVpabzRXSUpuTys2TnRFbFpMUTNaOHl6VkJvc0VCZlpzNjJrMXU5bU9IOVA1S3JrNTJFekdrYWQKL1RhM2VlK01WTlV2M210aXBvTFdpVmZSU2FuRjIwWGgzQ2pueEMydDVLdlhzYzFxTXZCMW9jeG5aZHZGc3psVwpqZHJidC9jSDkzbTlVeFdaeGdFTXh4MFlGUlBwdlV0M2VZTHFYTHBHa3Z3VU4yN3hsVjFlMnBITkEwZk1VVlVFCkthZVp3bW9RdjhXQzdPSW5ZUTB4Q2RnaEV1bUpaRUhvREkwV3dETGxaZXVrYk4wOG85bnAxb04xVzQzcDliUkgKQmk2SlR1bC8wOWhuOTZabUNnK2pxbVVhWVREMDRrUUlwSmFVTk9mTC9WSW9wd3dJQXhleER0eEozQ3l6U3FXSQpobnZDUzZNLzc4WExOYXhlM1F3YXZNRUExckZvcU0vVURHYnltQUIxSUNjRjI4aS8wZ1E2MGdmMW5kZFRDTmQ2CnZLRWZyQTUrSDEzT1E5TzRxMW9Cd1JOaER1cnhBa0s4QnFidmFoOERXM2xvVktlYVpKcVhaaTUxMzRqc1VFVUcKZjNKTUJYMDNMYmV1Njg1THNITXdUQlhFZStCT0E1Y2RyemJMQnJ5OE9IVUhnWlppYUxISU00VGw4bHQ3TWNveAp2UHBjTHBENGRZa0FBdkMzCi0tLS0tRU5EIENFUlRJRklDQVRFLS0tLS0K",
                "host": "https://cwcentralus-3oghccyf.hcp.centralus.azmk8s.io:443",
                "password": "ki2kdigxszedovkejpub8jg1ywzowef7h2tvpssbjx2gace5ny725ekpdc9plntii71i5klvkge6ip9ej9uyzyhaw3jcox2z6asbw8errnpqpgqy0hkhixamg7d7g1l5",
                "username": "clusterUser_cw-centralus-rg_cw-centralus-aks_cluster"
              }
            ],
            "kube_config_raw": "apiVersion: v1\nclusters:\n- cluster:\n    certificate-authority-data: LS0tLS1CRUdJTiBDRVJUSUZJQ0FURS0tLS0tCk1JSUU2RENDQXRDZ0F3SUJBZ0lRTG5mVnNyL1E4TFdJMDNrWXlTMnNUakFOQmdrcWhraUc5dzBCQVFzRkFEQU4KTVFzd0NRWURWUVFERXdKallUQWdGdzB5TlRBek1qQXlNVEEyTkRKYUdBOHlNRFUxTURNeU1ESXhNVFkwTWxvdwpEVEVMTUFrR0ExVUVBeE1DWTJFd2dnSWlNQTBHQ1NxR1NJYjNEUUVCQVFVQUE0SUNEd0F3Z2dJS0FvSUNBUUR2CnFIU0dGQndieng4MVpod3prU2QyWEdBVmx3d1pwK1MvNE1zTUN1dVUvM0lIZXlleW94d2RGOW95andpNmQ4TWoKTmd5SXpzTnQxeTRNcStwbUNQQjNza1lDVkFHVmZzZU1ySW4xMjhvaU9uUkhobS9XbU1vTGx6RlBtVzVqNzV1Nwp0S1FzNG4zNjFldzlJVGNQNE1Lb1dpSDI5QkJaclRKRWFmVmVHbUIrQkxjbkVuVlErNElNdEhTenpIaThCcXdPCmZPMEw0Si9GakNZTlBlNmxhdEZMYUpzTnkxZ01WcGpLanIzMGxuWjJZL3NVdGxiNXBEam1nT0x3ZTU3Y0VHVmcKbVhJOG5IQ2JkOFkvWWd3NGY5Tmo3WnZDYk1FRmtxeHFQYm9zU3luV0dBd2ZlSGVvc3hXeGRST2ZxT05MZVNyRQpqK2NlQVY5SW1QTFVDSldiL1BKTWVNSi9na0hVSlhiWmRncXR3Q1pyeFVYaGN2aWZMZS82QTV0UmZLUGpVQzRGCkppeHZiVVBoanlMdGJtcXJUQlpuNEluSmhIU3NaRlJLQk1ReENaQ1ZETzFqdXlqZktDV2pvWTY2cDZnR2NaSncKQ29iRkpnRkVwTVEzSkJtTnM4cldJclNBUXlHS1pXWnNUMWJIOFM4VXVlc0YxTEU3bXZhdlZjVWJnaHR2MXQ5QwpmbGl3aGpCd0RUSWRrSmkxQjRySTVRNHR0bS9zaGJaRURzYkRuQ2VpUElnYktHOTN4c1NlNGlmZ1Mramh0UHEyCm5sQk5ENEc3THBGcWdCYU1XdUg3bXVFRm1EeGd2SndsMDlkcWJuY0RONGlZQ1AzT0g4NUtHYXUrNk1aM3NZZFEKQUhoVFY3L3FQZmltZkdqMDA0bmFqZ1dERzlVWlhhUWg5QVVCU3FJZ3l3SURBUUFCbzBJd1FEQU9CZ05WSFE4QgpBZjhFQkFNQ0FxUXdEd1lEVlIwVEFRSC9CQVV3QXdFQi96QWRCZ05WSFE0RUZnUVUvalhtNkRoVURYdi8zWG5qCjlrZFRHclVQczRZd0RRWUpLb1pJaHZjTkFRRUxCUUFEZ2dJQkFHbDJvVFQ3bFFDZkFWdmN3em1GWkoxNHZzSFAKRGJ4eHFZcGEwRnphVklwM1phWkhaVCs1RkUvZ3NwQnJoVEQxSjBPd3MvdmRJR3o4b29jZkcvd3IwL2U2eFFRMwp6UDkzUk53dHFYcFJEZUNDdWFoK0ZuSGJkWXVjR1FxUWxBWnJya2NhS3ZGREJ6eU55eVpMNlNmd3lhUXRnRUdCClVnRkkxa1daQVpabzRXSUpuTys2TnRFbFpMUTNaOHl6VkJvc0VCZlpzNjJrMXU5bU9IOVA1S3JrNTJFekdrYWQKL1RhM2VlK01WTlV2M210aXBvTFdpVmZSU2FuRjIwWGgzQ2pueEMydDVLdlhzYzFxTXZCMW9jeG5aZHZGc3psVwpqZHJidC9jSDkzbTlVeFdaeGdFTXh4MFlGUlBwdlV0M2VZTHFYTHBHa3Z3VU4yN3hsVjFlMnBITkEwZk1VVlVFCkthZVp3bW9RdjhXQzdPSW5ZUTB4Q2RnaEV1bUpaRUhvREkwV3dETGxaZXVrYk4wOG85bnAxb04xVzQzcDliUkgKQmk2SlR1bC8wOWhuOTZabUNnK2pxbVVhWVREMDRrUUlwSmFVTk9mTC9WSW9wd3dJQXhleER0eEozQ3l6U3FXSQpobnZDUzZNLzc4WExOYXhlM1F3YXZNRUExckZvcU0vVURHYnltQUIxSUNjRjI4aS8wZ1E2MGdmMW5kZFRDTmQ2CnZLRWZyQTUrSDEzT1E5TzRxMW9Cd1JOaER1cnhBa0s4QnFidmFoOERXM2xvVktlYVpKcVhaaTUxMzRqc1VFVUcKZjNKTUJYMDNMYmV1Njg1THNITXdUQlhFZStCT0E1Y2RyemJMQnJ5OE9IVUhnWlppYUxISU00VGw4bHQ3TWNveAp2UHBjTHBENGRZa0FBdkMzCi0tLS0tRU5EIENFUlRJRklDQVRFLS0tLS0K\n    server: https://cwcentralus-3oghccyf.hcp.centralus.azmk8s.io:443\n  name: cw-centralus-aks_cluster\ncontexts:\n- context:\n    cluster: cw-centralus-aks_cluster\n    user: clusterUser_cw-centralus-rg_cw-centralus-aks_cluster\n  name: cw-centralus-aks_cluster\ncurrent-context: cw-centralus-aks_cluster\nkind: Config\npreferences: {}\nusers:\n- name: clusterUser_cw-centralus-rg_cw-centralus-aks_cluster\n  user:\n    client-certificate-data: LS0tLS1CRUdJTiBDRVJUSUZJQ0FURS0tLS0tCk1JSUZIVENDQXdXZ0F3SUJBZ0lRVGJCMUtERllqNTgwOE14dW9SbzFWekFOQmdrcWhraUc5dzBCQVFzRkFEQU4KTVFzd0NRWURWUVFERXdKallUQWVGdzB5TlRBek1qQXlNVEEyTkROYUZ3MHlOekF6TWpBeU1URTJORE5hTURBeApGekFWQmdOVkJBb1REbk41YzNSbGJUcHRZWE4wWlhKek1SVXdFd1lEVlFRREV3eHRZWE4wWlhKamJHbGxiblF3CmdnSWlNQTBHQ1NxR1NJYjNEUUVCQVFVQUE0SUNEd0F3Z2dJS0FvSUNBUUNrdTBkeEpMSFZ1VWRPb290U256UGsKL1pONTdRZzgwZlJPbFNXd0NjbzdRMzZwcWdpVW0zMTZoWlBhQUc4S1FOMVlVVHphUTl5clliRVlHUC91QjJNMwpNMW5iR0dRRmlpR2pQWjllbW8vZncvb1pDdzg4RnhhdmJWek1SNVArMWkzVStRVEE0RGFqU0Z2TXQvTTdnRFpPCmtaYkZaME9nN0ZEdGVrRHNtSmxyQzFFWVJsbDFoME9FOTdFSTlaTEk3MkFLUXVYT0lNa2FVM2tBZFVqczZXUVgKZUg3eTNBSDhaRzBTQkdQOWlNU2Z2N0FPdjB3MDFZekJ3QXNHTDhrdGlRaEV4cWc1NjE4NmEyN0Y2a2ZNYnh5ZQpRK0VWS0tBajdFVFZNL09DbWxuS1Y0S1IzMzNlVXA2akFDc3o0cVNnOFJTT01NNDM4UzUzUk9mRThmOTNkY2t6Cm1qNzNrSUNVcmpOUWNURzlwbXhUS25JODVOcTlxUUlPODhBbkxFZ0ptaGp6ajVlZ20wSlpRV0RZZGk5YlczT2UKWVdkYS9ZQ1IvbUNBNWxxVXVmMUd3N2dpckJvS2dPYWlaOGoyVmdjb2xReEFQNzFpZnM1VUdubXUrYWxEVVlVcApPL0FBNDJ2Slc4OWJNa2V6TGxVNXhudDNtdVFISnJMVUhIZkxLKzVUK054bkZjNTUyekViTGJ1UFFnZCtVQlgxCjdBUjQyU2duU1VhbG8rd0d0WkhvYVpaaUVMamZvempDS0dZSHRrV1l2UUhqeWVaTGVLbTBWMEk4by9LcTZzc0gKdEpDdmUwdUdiMWVWQTBINnVBMkhjV0xBbUNNTkg0WldwbVlGWmp5a0RWcmI0dkFyZTNxNnI2NVlLT01EWU10SgpVQlhvM1o5MTc3QklYaUQrRTg3YnlRSURBUUFCbzFZd1ZEQU9CZ05WSFE4QkFmOEVCQU1DQmFBd0V3WURWUjBsCkJBd3dDZ1lJS3dZQkJRVUhBd0l3REFZRFZSMFRBUUgvQkFJd0FEQWZCZ05WSFNNRUdEQVdnQlQrTmVib09GUU4KZS8vZGVlUDJSMU1hdFEremhqQU5CZ2txaGtpRzl3MEJBUXNGQUFPQ0FnRUFFVnptU2doUmtYUG96VXNINjNkaAphNkVzdENMNkR3c0xGTzlnR2JobVR0MmpKY2N0cXYrcEtTVGtoVzF5T1BBN1psM0ZjQkJYckVLdzRoUTgyU2tNCjBGcXFPenpvMkhZMWRzVlE1YkVxVC93cFZCYWVjWlBhYW02S2pCM3JSY1BuTTBCZkhka1pqVVpnVkZtZDE4Q3QKL0ZrcTRGWEJMcW9WanhlUlZkTzhCVmJ1YXVaS0FCaExmZDlBdnZRN3ZDTGFteWFjTGVhSGg2TW54eE5sTjVDUwp5UU52U3VZRm9IWVhldk5YS29RU3NVV2FnV1QwSnhsbnQ5OXh3ejd1eFJNYkgrNTlxSVhTQ0V0SUVRaFZGbzdLCmRpUVBxNWVWbno3aTRMeE94aDJnb2NaQ1dQc1YwQU5TTzR0dys5aDVuRzFOYjZKNlJnR2U3YWFyK1dMZWRXOU0KdC9hSFpYSmsxY3pJaGNHc2pHZWJqZEFFeXFYQnlGZW1LR0EybklSbjdUcjBKbjRBQ09TeDFTVE9TV0VpcjBqcwpVS2Z0Q2ZNSWJUWnlscys4QlYvTWdBRlBSdjJ5SU83cnhrTTEzZDdXU084ZzcxY25rWTNTTXhLZVlZcVVIemNuCk9kUFF1Q3FLN2hPTkkyTG5rSmVhNitubEV4aHVQQjVJSW1LV3hvSkVNbFN3bDZCZ2NlQUdHZ1p1aXU0eE42SzcKSGo0U1BYclcya0NjYitGRVBvc0taOTUzcUNSSEZKZXpzWUVpUUYxWko0UWJEeXd2by9hUGVwUy9za29MRWZiVAoxWUc0aGhPVkdaTmZGeVd4WVlMaEpQcGpma2Y5NS9YaU5jQnFQak5EMkNXY0dmWGtIQ1NKWlZpODZEdGdVWGVjCldnQ3djWm0vNS8ycWlFNWFmNW52RHFZPQotLS0tLUVORCBDRVJUSUZJQ0FURS0tLS0tCg==\n    client-key-data: LS0tLS1CRUdJTiBSU0EgUFJJVkFURSBLRVktLS0tLQpNSUlKS1FJQkFBS0NBZ0VBcEx0SGNTU3gxYmxIVHFLTFVwOHo1UDJUZWUwSVBOSDBUcFVsc0FuS08wTitxYW9JCmxKdDllb1dUMmdCdkNrRGRXRkU4MmtQY3EyR3hHQmovN2dkak56TloyeGhrQllvaG96MmZYcHFQMzhQNkdRc1AKUEJjV3IyMWN6RWVUL3RZdDFQa0V3T0EybzBoYnpMZnpPNEEyVHBHV3hXZERvT3hRN1hwQTdKaVphd3RSR0VaWgpkWWREaFBleENQV1N5TzlnQ2tMbHppREpHbE41QUhWSTdPbGtGM2grOHR3Qi9HUnRFZ1JqL1lqRW43K3dEcjlNCk5OV013Y0FMQmkvSkxZa0lSTWFvT2V0Zk9tdHV4ZXBIekc4Y25rUGhGU2lnSSt4RTFUUHpncHBaeWxlQ2tkOTkKM2xLZW93QXJNK0trb1BFVWpqRE9OL0V1ZDBUbnhQSC9kM1hKTTVvKzk1Q0FsSzR6VUhFeHZhWnNVeXB5UE9UYQp2YWtDRHZQQUp5eElDWm9ZODQrWG9KdENXVUZnMkhZdlcxdHpubUZuV3YyQWtmNWdnT1phbExuOVJzTzRJcXdhCkNvRG1vbWZJOWxZSEtKVU1RRCs5WW43T1ZCcDVydm1wUTFHRktUdndBT05yeVZ2UFd6SkhzeTVWT2NaN2Q1cmsKQnlheTFCeDN5eXZ1VS9qY1p4WE9lZHN4R3kyN2owSUhmbEFWOWV3RWVOa29KMGxHcGFQc0JyV1I2R21XWWhDNAozNk00d2lobUI3WkZtTDBCNDhubVMzaXB0RmRDUEtQeXF1ckxCN1NRcjN0TGhtOVhsUU5CK3JnTmgzRml3SmdqCkRSK0dWcVptQldZOHBBMWEyK0x3SzN0NnVxK3VXQ2pqQTJETFNWQVY2TjJmZGUrd1NGNGcvaFBPMjhrQ0F3RUEKQVFLQ0FnQnRDbjYyMlRoU0phdWExS051bEcxd2RaM0tSbWwrZ09lN29LUnF5NEF2REhWcWIxL3dwcUEvbXU0TQpqdDd4cFpBZTV0OW1CeWVwMWllNHNNdXdUdm1RejQvNkpFSUpISzg1ZEEvck9scGtIMENNbFRLSGJ5MFlBRWM5Ci9WOXNmMitsR3hUWGExTWZjRVU3MU1QUHJnWEVxa0JuK1B2ZUtLOUZFdmlvNURZaGtrTWkwMlppRXFCU0F2Y1AKM0NaR2xaVTRGYUl5ZUtkRm90MWt2VDRCZkZoQjVRUDdWRUNJUmgyZ29JRmprTVcrak05SVk3NVk5c2FPZGNXVwpXY2xNTi9uZU5MV2thVFlHNEpoWnI4UEpBZitxajNvTlhHL3NkM2Ywdk1mQ3V0TVd5aWhtME01cmZMci9ZSnc0Cll4emdYOVJnYnRRQ1djYU5NbkpNZm5mQkpwbUFXMjZEUkVmaDdPdWNjZERYVkxPbTNTTnNUMlBIaDNRSjZkUmEKU1NLZkVvM1NCcy8rYzRqMyt3OWRHK1NwNHNhek1sSW1LUlkxYmdOYkdhZjlSTmlyUC85NjNHckFGZ1pkaHcwbgpMWlVGV2preEFVZndFRDZxd2R1ZUQ2V2VURU82MHVvWjk0SThYTWM5REh1dFUwcEdocHcwdm51UWZnd3c1dnFRCjV1Q0pIUDJRQ1RpUVhaOU9nbm84ZlI3amI0TkNlZTlwWCtPeDE1U1g0bTN2SVlqeXdXQ3pTeE5BR213VzIrZ2oKbWVIRU5GaDBneUVnVDVjbWtqdU1EaGVCQk13NjZ0aWcxTkpaTGpoVEhzOSs3NjBSSnNOZUxvSU10NU1YVVdkawozVHhscDg2KzBBQzFEV01qSkd0NWxQaE1DaVZtRkd6ak9kMW1CVmJBcnZ0eldwVVNKUUtDQVFFQXdBOUQyaEh4Ck1GSXFvQVNIa2Vob1JZUm1Vb3JmSEhCZENaSzdvc21wdUpzcGNyV21GNWp6T0k2NlJ5NWpibUwvdHJFTk5DdTYKZVB4eUtxNG9OeUtuTlM1OVVxWEQ4Nyt3RERjcTVlb2hpZTNsN1VNQ2w3MmJ0VjgxSllKZUpTZ1RTK1pGSmtqYwoxTmVZWTdHenYrS2t1cEhEcCtYS3JNT1V3YUxaU0ZMMytjRGRybWZNOEU1U3Q4TjlzVjVidGtPaUFFaGhtTk1sCkY2a3pid2c0S09DVlJ2bjVCOHlMMXRtNzkxK1JzOWswcmdvc1E5S1QyWThuRllXeng4b1E5bk1QYXJzOXFsTlcKeGpqTDFGb1pIaEFsSmxpVisyVW1mdmFZT0duRFcwN2lGMWJyMzd4Zm9IUWNlckZXc2hDTUhCUUt2RVJRcmcwcApjVXFXaFNVcG9rMk1qd0tDQVFFQTI1THFMcExuL1BWc0RudUU4a3pjcG1YeTFWOXA0QVZERGpudUVCZzl3TTRrCmlnSHpJUGV4VW1JVG92cyszNkxnRk45b3BiY3FKZnREYTBCZUQyRXhsWDh0a1VVaVFxUVNrR0daSk1EK0poMEUKanFjbEhxSHk1dm1QT1pQb2ppMEZGNEYxSnFTT2JyZGJOUWJJWEpOQW1keXFRdUc2U1VyMjJJTkk1bEdmdUxQRwptRURxaG1QdUdCT1dDNEQyWC9sU3NUYVRCdmRSR041a1diYmxPQjlCcW15bllHQXd3a2p2TUVzaTJ3TlV6WjZvCkpFcFVqY1pxMno1aml2MThqdzNQcUg5anFCcEQvaWpUNUtLeWN5MTB4dFVBdTNCQVpnTExXQzBlUzU4L3JFNlkKaStDQnBieWtzR29IeUI0bmxubHZGaG1JUElEVGRpOGgwQWxsRFZkdUp3S0NBUUVBcEQxcG5OYXpGc3R0UUNJZgpmUnJ0OEdUa3k3bU9TbGVjZUU5T3Zrc09KSndydWJpMUxJRFRuWTRRcGtaNUtURG4xR2RjRHoxRjNhaWtTUE5kCjJLaDlyUER3b3ZpMnRYODdJWGNiN0Rsb0xQZVFKSEdsaWZYUGJpN1kyQmJBUTY0ZHNrNWMyL3g3UEZpU0xNOE8KRkEzUktPcjJFbUprQzVIRmFFSEc1aDV0aU5yeHQrOTBSaHYwaU1sWWQ1RmxoRndaOFh2MFdpaFdGQUhSeGlXVgpRUCt0S0dFa0lSTStrcURvS1FkRkpqT2M1U2cxNmxudHJhTEpuWklVeDhsNDhBZzlLdHlzUXplNWdSR1kzU09mClR5SW5Zcjltb3ZGQkZsbnltbXQzY0dIbzNtU3FtVTRSeUxrQ2tibU5sZ0Nva0dwak05U0gyZy9QWE42WUVZeFMKS2tWKzZRS0NBUUVBeFdKaWhvK2xZRzYzUHFXbk03SUl3TVR3OFFNZXlEV3l1LzB6bHVCVDB4ajlHOXI0MXZBVApSWDNKTFVBeW14TnQ0UldjbXl2M0JjSEVMNHZqZ212YkNRc1V5WHllZWMzSXFtWXlKeW9lemVCVUVuRUxHMmgyClZWQ09naklHWXBqeDlObDVtTTFoQlFKclNWWFprKzhEcWMwR2VhMDFxMkZxV2VSYkNrRGlGa1gyQnpTRUgxK0IKejc3N3FVZTdNemVNTUtaZ3NXaHVUSzdQQXg4NUc2UnRnV2kvWmhIU2d6VFJZRmFLOU5zZnh1QVRRdHhXK2tRZQpGdzBVcXdPSWo0alkzaDMyVmsyV1Jjb3FBV1NJaXFXWVRvMTRaUWRadk5wU05lZ0pUZTNRYlhNU0N0dzliK0lQCklrK093MFRvVFlySVk5Tjc5dmZRSUhQcUwzdmlqWVhGRFFLQ0FRQkVsekV6VWhVQ2xocDRzRTMzWDVJbGZ1OUcKV003MFZPYUxHMW1ZVDV0c2M4dU5TWG55MXhuY0NFQy9nYmU2c1B6RVppVXNCNFFWdHYrQ3dlRlRpM2JTUXZyUwpXQnFMM3drOTdwS2ZkNHFpcENodUxHWGpaa21PREpSeGtIUWVKZEF6R09tV3dMbVRxQzF5MGo2ZjAzelJxbjJmCmowU2p4dnJNYSsxdWNBTkxaVmwvMGtQaWpuem52clFLWkw0bkU1Y2lYR1VmclpZK28zVFhFMEdTU3BTSURMUloKSmJqNmFrQU1VdnFabDJCVitmbTk1OVc3bzF2TW4wZjNUcjNWY1BvNmdid0FCRnJ6YitYSUlKYmpZUTQ3NlVHYgpYKzRvNngxZlJ4MnR6Q2cyZ0NTMUxoRW9nWkp0V0diejZySjd1VU52cmwwZ3lPNVZqRUNKZGl1WmtwRHIKLS0tLS1FTkQgUlNBIFBSSVZBVEUgS0VZLS0tLS0K\n    token: ki2kdigxszedovkejpub8jg1ywzowef7h2tvpssbjx2gace5ny725ekpdc9plntii71i5klvkge6ip9ej9uyzyhaw3jcox2z6asbw8errnpqpgqy0hkhixamg7d7g1l5\n",
            "kubelet_identity": [
              {
                "client_id": "b582709f-ac1d-45b2-be2d-2e933bc8afa9",
                "object_id": "3cc79ac8-2eef-43c3-9c39-060c9fd689ac",
                "user_assigned_identity_id": "/subscriptions/269cd6f8-65b9-4af3-b032-8cb95d5a1b00/resourceGroups/MC_cw-centralus-rg_cw-centralus-aks_cluster_centralus/providers/Microsoft.ManagedIdentity/userAssignedIdentities/cw-centralus-aks_cluster-agentpool"
              }
            ],
            "kubernetes_version": "1.30",
            "linux_profile": [],
            "local_account_disabled": false,
            "location": "centralus",
            "maintenance_window": [],
            "maintenance_window_auto_upgrade": [],
            "maintenance_window_node_os": [],
            "microsoft_defender": [],
            "monitor_metrics": [],
            "name": "cw-centralus-aks_cluster",
            "network_profile": [
              {
                "dns_service_ip": "10.2.0.10",
                "docker_bridge_cidr": "172.17.0.1/16",
                "ebpf_data_plane": "",
                "ip_versions": [
                  "IPv4"
                ],
                "load_balancer_profile": [],
                "load_balancer_sku": "basic",
                "nat_gateway_profile": [],
                "network_data_plane": "azure",
                "network_mode": "",
                "network_plugin": "azure",
                "network_plugin_mode": "",
                "network_policy": "",
                "outbound_ip_address_ids": [],
                "outbound_ip_prefix_ids": [],
                "outbound_type": "loadBalancer",
                "pod_cidr": "",
                "pod_cidrs": [],
                "service_cidr": "10.2.0.0/16",
                "service_cidrs": [
                  "10.2.0.0/16"
                ]
              }
            ],
            "node_os_channel_upgrade": null,
            "node_resource_group": "MC_cw-centralus-rg_cw-centralus-aks_cluster_centralus",
            "node_resource_group_id": "/subscriptions/269cd6f8-65b9-4af3-b032-8cb95d5a1b00/resourceGroups/MC_cw-centralus-rg_cw-centralus-aks_cluster_centralus",
            "oidc_issuer_enabled": false,
            "oidc_issuer_url": "",
            "oms_agent": [],
            "open_service_mesh_enabled": null,
            "portal_fqdn": "cwcentralus-3oghccyf.portal.hcp.centralus.azmk8s.io",
            "private_cluster_enabled": false,
            "private_cluster_public_fqdn_enabled": false,
            "private_dns_zone_id": "",
            "private_fqdn": "",
            "public_network_access_enabled": true,
            "resource_group_name": "cw-centralus-rg",
            "role_based_access_control_enabled": true,
            "run_command_enabled": true,
            "service_mesh_profile": [],
            "service_principal": [],
            "sku_tier": "Free",
            "storage_profile": [],
            "support_plan": "KubernetesOfficial",
            "tags": {
              "environment": "dev",
              "project": "cw"
            },
            "timeouts": null,
            "web_app_routing": [],
            "windows_profile": [
              {
                "admin_password": "",
                "admin_username": "azureuser",
                "gmsa": [],
                "license": ""
              }
            ],
            "workload_autoscaler_profile": [],
            "workload_identity_enabled": false
          },
          "sensitive_attributes": [
            [
              {
                "type": "get_attr",
                "value": "kube_admin_config"
              }
            ],
            [
              {
                "type": "get_attr",
                "value": "kube_config_raw"
              }
            ],
            [
              {
                "type": "get_attr",
                "value": "kube_admin_config_raw"
              }
            ],
            [
              {
                "type": "get_attr",
                "value": "kube_config"
              }
            ],
            [
              {
                "type": "get_attr",
                "value": "windows_profile"
              },
              {
                "type": "index",
                "value": {
                  "value": 0,
                  "type": "number"
                }
              },
              {
                "type": "get_attr",
                "value": "admin_password"
              }
            ]
          ],
          "private": "eyJlMmJmYjczMC1lY2FhLTExZTYtOGY4OC0zNDM2M2JjN2M0YzAiOnsiY3JlYXRlIjo1NDAwMDAwMDAwMDAwLCJkZWxldGUiOjU0MDAwMDAwMDAwMDAsInJlYWQiOjMwMDAwMDAwMDAwMCwidXBkYXRlIjo1NDAwMDAwMDAwMDAwfSwic2NoZW1hX3ZlcnNpb24iOiIyIn0=",
          "dependencies": [
            "module.resource_group.azurerm_resource_group.this",
            "module.vnet.azurerm_subnet.aks",
            "module.vnet.azurerm_virtual_network.this"
          ]
        }
      ]
    },
    {
      "module": "module.aks",
      "mode": "managed",
      "type": "azurerm_role_assignment",
      "name": "aks_acr",
      "provider": "provider[\"registry.terraform.io/hashicorp/azurerm\"]",
      "instances": [
        {
          "schema_version": 0,
          "attributes": {
            "condition": "",
            "condition_version": "",
            "delegated_managed_identity_resource_id": "",
            "description": "",
            "id": "/subscriptions/269cd6f8-65b9-4af3-b032-8cb95d5a1b00/resourceGroups/cw-centralus-rg/providers/Microsoft.ContainerRegistry/registries/cwcentralusacr/providers/Microsoft.Authorization/roleAssignments/8cf516b5-0655-c975-60b3-7b728fbaed00",
            "name": "8cf516b5-0655-c975-60b3-7b728fbaed00",
            "principal_id": "1a6962cb-7838-4038-9441-8ec8e078b25f",
            "principal_type": "ServicePrincipal",
            "role_definition_id": "/subscriptions/269cd6f8-65b9-4af3-b032-8cb95d5a1b00/providers/Microsoft.Authorization/roleDefinitions/7f951dda-4ed3-4680-a7ca-43fe172d538d",
            "role_definition_name": "AcrPull",
            "scope": "/subscriptions/269cd6f8-65b9-4af3-b032-8cb95d5a1b00/resourceGroups/cw-centralus-rg/providers/Microsoft.ContainerRegistry/registries/cwcentralusacr",
            "skip_service_principal_aad_check": null,
            "timeouts": null
          },
          "sensitive_attributes": [],
          "private": "eyJlMmJmYjczMC1lY2FhLTExZTYtOGY4OC0zNDM2M2JjN2M0YzAiOnsiY3JlYXRlIjoxODAwMDAwMDAwMDAwLCJkZWxldGUiOjE4MDAwMDAwMDAwMDAsInJlYWQiOjMwMDAwMDAwMDAwMH19",
          "dependencies": [
            "module.acr.azurerm_container_registry.this",
            "module.aks.azurerm_kubernetes_cluster.this",
            "module.resource_group.azurerm_resource_group.this",
            "module.vnet.azurerm_subnet.aks",
            "module.vnet.azurerm_virtual_network.this"
          ]
        }
      ]
    },
    {
      "module": "module.bastion_host",
      "mode": "managed",
      "type": "azurerm_linux_virtual_machine",
      "name": "this",
      "provider": "provider[\"registry.terraform.io/hashicorp/azurerm\"]",
      "instances": [
        {
          "schema_version": 0,
          "attributes": {
            "additional_capabilities": [],
            "admin_password": null,
            "admin_ssh_key": [
              {
                "public_key": "ssh-rsa AAAAB3NzaC1yc2EAAAADAQABAAABAQCjmLK0jNU/3ryRRf4kEexpghwlLVkSaeAfUnEWhLP6YbJ94ZpEBxtbJUhVv5jxBQsTr17PHcRjHbnFWtpnhPHKobu9UtwizLIqElIXJ1hJc3c5S4eLo2/nBK+BdVpm0WTw2IFcgAo1hVz+Y+xkVjocT3Idg0gyrARdY2dY7YwCVCHZ/YzuAtrBLnltui9rbehV7l8H/tviSrvwWk30GWSSFVhLup1n+zLrf3C+DC8OSjAwXuPkiunhdsnsXes8XBebH/mv1Dp4wtJ7QDmuGKgOafD2fpbhK+wls5dxvZ9VZv+u53phz+0mIBfm/2tl6dwoO50iuy/vclvNgz3Xubz7",
                "username": "azureuser"
              }
            ],
            "admin_username": "azureuser",
            "allow_extension_operations": true,
            "availability_set_id": "",
            "boot_diagnostics": [],
            "bypass_platform_safety_checks_on_user_schedule_enabled": false,
            "capacity_reservation_group_id": "",
            "computer_name": "cw-centralus-bastion",
            "custom_data": null,
            "dedicated_host_group_id": "",
            "dedicated_host_id": "",
            "disable_password_authentication": true,
            "disk_controller_type": "",
            "edge_zone": "",
            "encryption_at_host_enabled": false,
            "eviction_policy": "",
            "extensions_time_budget": "PT1H30M",
            "gallery_application": [],
            "id": "/subscriptions/269cd6f8-65b9-4af3-b032-8cb95d5a1b00/resourceGroups/cw-centralus-rg/providers/Microsoft.Compute/virtualMachines/cw-centralus-bastion",
            "identity": [],
            "license_type": "",
            "location": "centralus",
            "max_bid_price": -1,
            "name": "cw-centralus-bastion",
            "network_interface_ids": [
              "/subscriptions/269cd6f8-65b9-4af3-b032-8cb95d5a1b00/resourceGroups/cw-centralus-rg/providers/Microsoft.Network/networkInterfaces/cw-centralus-bastion-nic"
            ],
            "os_disk": [
              {
                "caching": "ReadWrite",
                "diff_disk_settings": [],
                "disk_encryption_set_id": "",
                "disk_size_gb": 30,
                "name": "cw-centralus-bastion_disk1_1d01935b9b424b7ca1bf9202e2820754",
                "secure_vm_disk_encryption_set_id": "",
                "security_encryption_type": "",
                "storage_account_type": "Standard_LRS",
                "write_accelerator_enabled": false
              }
            ],
            "os_image_notification": [],
            "patch_assessment_mode": "ImageDefault",
            "patch_mode": "ImageDefault",
            "plan": [],
            "platform_fault_domain": -1,
            "priority": "Regular",
            "private_ip_address": "10.17.2.4",
            "private_ip_addresses": [
              "10.17.2.4"
            ],
            "provision_vm_agent": true,
            "proximity_placement_group_id": "",
            "public_ip_address": "52.176.44.142",
            "public_ip_addresses": [
              "52.176.44.142"
            ],
            "reboot_setting": "",
            "resource_group_name": "cw-centralus-rg",
            "secret": [],
            "secure_boot_enabled": false,
            "size": "Standard_B1s",
            "source_image_id": "",
            "source_image_reference": [
              {
                "offer": "UbuntuServer",
                "publisher": "Canonical",
                "sku": "18.04-LTS",
                "version": "latest"
              }
            ],
            "tags": {
              "environment": "dev",
              "project": "cw"
            },
            "termination_notification": [],
            "timeouts": null,
            "user_data": "",
            "virtual_machine_id": "86a292ac-2c76-4262-8241-405990509b7c",
            "virtual_machine_scale_set_id": "",
            "vm_agent_platform_updates_enabled": false,
            "vtpm_enabled": false,
            "zone": ""
          },
          "sensitive_attributes": [
            [
              {
                "type": "get_attr",
                "value": "custom_data"
              }
            ],
            [
              {
                "type": "get_attr",
                "value": "admin_password"
              }
            ]
          ],
          "private": "eyJlMmJmYjczMC1lY2FhLTExZTYtOGY4OC0zNDM2M2JjN2M0YzAiOnsiY3JlYXRlIjoyNzAwMDAwMDAwMDAwLCJkZWxldGUiOjI3MDAwMDAwMDAwMDAsInJlYWQiOjMwMDAwMDAwMDAwMCwidXBkYXRlIjoyNzAwMDAwMDAwMDAwfX0=",
          "dependencies": [
            "module.bastion_host.azurerm_network_interface.bastion_nic",
            "module.bastion_host.azurerm_public_ip.this",
            "module.resource_group.azurerm_resource_group.this",
            "module.vnet.azurerm_subnet.public",
            "module.vnet.azurerm_virtual_network.this"
          ]
        }
      ]
    },
    {
      "module": "module.bastion_host",
      "mode": "managed",
      "type": "azurerm_network_interface",
      "name": "bastion_nic",
      "provider": "provider[\"registry.terraform.io/hashicorp/azurerm\"]",
      "instances": [
        {
          "schema_version": 0,
          "attributes": {
            "accelerated_networking_enabled": false,
            "applied_dns_servers": [],
            "auxiliary_mode": "",
            "auxiliary_sku": "",
            "dns_servers": [],
            "edge_zone": "",
            "enable_accelerated_networking": false,
            "enable_ip_forwarding": false,
            "id": "/subscriptions/269cd6f8-65b9-4af3-b032-8cb95d5a1b00/resourceGroups/cw-centralus-rg/providers/Microsoft.Network/networkInterfaces/cw-centralus-bastion-nic",
            "internal_dns_name_label": "",
            "internal_domain_name_suffix": "wkbxsero3mkufdvolny1og5aea.gx.internal.cloudapp.net",
            "ip_configuration": [
              {
                "gateway_load_balancer_frontend_ip_configuration_id": "",
                "name": "internal",
                "primary": true,
                "private_ip_address": "10.17.2.4",
                "private_ip_address_allocation": "Dynamic",
                "private_ip_address_version": "IPv4",
                "public_ip_address_id": "/subscriptions/269cd6f8-65b9-4af3-b032-8cb95d5a1b00/resourceGroups/cw-centralus-rg/providers/Microsoft.Network/publicIPAddresses/cw-centralus-bastion-pip",
                "subnet_id": "/subscriptions/269cd6f8-65b9-4af3-b032-8cb95d5a1b00/resourceGroups/cw-centralus-rg/providers/Microsoft.Network/virtualNetworks/cw-centralus-vnet/subnets/cw-centralus-public-subnet"
              }
            ],
            "ip_forwarding_enabled": false,
            "location": "centralus",
            "mac_address": "00-22-48-46-EC-10",
            "name": "cw-centralus-bastion-nic",
            "private_ip_address": "10.17.2.4",
            "private_ip_addresses": [
              "10.17.2.4"
            ],
            "resource_group_name": "cw-centralus-rg",
            "tags": {
              "environment": "dev",
              "project": "cw"
            },
            "timeouts": null,
            "virtual_machine_id": "/subscriptions/269cd6f8-65b9-4af3-b032-8cb95d5a1b00/resourceGroups/cw-centralus-rg/providers/Microsoft.Compute/virtualMachines/cw-centralus-bastion"
          },
          "sensitive_attributes": [],
          "private": "eyJlMmJmYjczMC1lY2FhLTExZTYtOGY4OC0zNDM2M2JjN2M0YzAiOnsiY3JlYXRlIjoxODAwMDAwMDAwMDAwLCJkZWxldGUiOjE4MDAwMDAwMDAwMDAsInJlYWQiOjMwMDAwMDAwMDAwMCwidXBkYXRlIjoxODAwMDAwMDAwMDAwfX0=",
          "dependencies": [
            "module.bastion_host.azurerm_public_ip.this",
            "module.resource_group.azurerm_resource_group.this",
            "module.vnet.azurerm_subnet.public",
            "module.vnet.azurerm_virtual_network.this"
          ]
        }
      ]
    },
    {
      "module": "module.bastion_host",
      "mode": "managed",
      "type": "azurerm_public_ip",
      "name": "this",
      "provider": "provider[\"registry.terraform.io/hashicorp/azurerm\"]",
      "instances": [
        {
          "schema_version": 0,
          "attributes": {
            "allocation_method": "Static",
            "ddos_protection_mode": "VirtualNetworkInherited",
            "ddos_protection_plan_id": null,
            "domain_name_label": null,
            "edge_zone": "",
            "fqdn": null,
            "id": "/subscriptions/269cd6f8-65b9-4af3-b032-8cb95d5a1b00/resourceGroups/cw-centralus-rg/providers/Microsoft.Network/publicIPAddresses/cw-centralus-bastion-pip",
            "idle_timeout_in_minutes": 4,
            "ip_address": "52.176.44.142",
            "ip_tags": {},
            "ip_version": "IPv4",
            "location": "centralus",
            "name": "cw-centralus-bastion-pip",
            "public_ip_prefix_id": null,
            "resource_group_name": "cw-centralus-rg",
            "reverse_fqdn": null,
            "sku": "Basic",
            "sku_tier": "Regional",
            "tags": {
              "environment": "dev",
              "project": "cw"
            },
            "timeouts": null,
            "zones": []
          },
          "sensitive_attributes": [],
          "private": "eyJlMmJmYjczMC1lY2FhLTExZTYtOGY4OC0zNDM2M2JjN2M0YzAiOnsiY3JlYXRlIjoxODAwMDAwMDAwMDAwLCJkZWxldGUiOjE4MDAwMDAwMDAwMDAsInJlYWQiOjMwMDAwMDAwMDAwMCwidXBkYXRlIjoxODAwMDAwMDAwMDAwfX0=",
          "dependencies": [
            "module.resource_group.azurerm_resource_group.this"
          ]
        }
      ]
    },
    {
      "module": "module.resource_group",
      "mode": "managed",
      "type": "azurerm_resource_group",
      "name": "this",
      "provider": "provider[\"registry.terraform.io/hashicorp/azurerm\"]",
      "instances": [
        {
          "schema_version": 0,
          "attributes": {
            "id": "/subscriptions/269cd6f8-65b9-4af3-b032-8cb95d5a1b00/resourceGroups/cw-centralus-rg",
            "location": "centralus",
            "managed_by": "",
            "name": "cw-centralus-rg",
            "tags": {
              "environment": "dev",
              "project": "cw"
            },
            "timeouts": null
          },
          "sensitive_attributes": [],
          "private": "eyJlMmJmYjczMC1lY2FhLTExZTYtOGY4OC0zNDM2M2JjN2M0YzAiOnsiY3JlYXRlIjo1NDAwMDAwMDAwMDAwLCJkZWxldGUiOjU0MDAwMDAwMDAwMDAsInJlYWQiOjMwMDAwMDAwMDAwMCwidXBkYXRlIjo1NDAwMDAwMDAwMDAwfX0="
        }
      ]
    },
    {
      "module": "module.vnet",
      "mode": "managed",
      "type": "azurerm_network_security_group",
      "name": "aks_nsg",
      "provider": "provider[\"registry.terraform.io/hashicorp/azurerm\"]",
      "instances": [
        {
          "schema_version": 0,
          "attributes": {
            "id": "/subscriptions/269cd6f8-65b9-4af3-b032-8cb95d5a1b00/resourceGroups/cw-centralus-rg/providers/Microsoft.Network/networkSecurityGroups/cw-centralus-aks-subnet-nsg",
            "location": "centralus",
            "name": "cw-centralus-aks-subnet-nsg",
            "resource_group_name": "cw-centralus-rg",
            "security_rule": [
              {
                "access": "Allow",
                "description": "",
                "destination_address_prefix": "10.17.1.0/24",
                "destination_address_prefixes": [],
                "destination_application_security_group_ids": [],
                "destination_port_range": "*",
                "destination_port_ranges": [],
                "direction": "Inbound",
                "name": "AllowBastionToAKS",
                "priority": 100,
                "protocol": "*",
                "source_address_prefix": "10.17.2.0/24",
                "source_address_prefixes": [],
                "source_application_security_group_ids": [],
                "source_port_range": "*",
                "source_port_ranges": []
              }
            ],
            "tags": {
              "environment": "dev",
              "project": "cw"
            },
            "timeouts": null
          },
          "sensitive_attributes": [],
          "private": "eyJlMmJmYjczMC1lY2FhLTExZTYtOGY4OC0zNDM2M2JjN2M0YzAiOnsiY3JlYXRlIjoxODAwMDAwMDAwMDAwLCJkZWxldGUiOjE4MDAwMDAwMDAwMDAsInJlYWQiOjMwMDAwMDAwMDAwMCwidXBkYXRlIjoxODAwMDAwMDAwMDAwfX0=",
          "dependencies": [
            "module.resource_group.azurerm_resource_group.this"
          ]
        }
      ]
    },
    {
      "module": "module.vnet",
      "mode": "managed",
      "type": "azurerm_network_security_rule",
      "name": "allow_bastion_to_aks",
      "provider": "provider[\"registry.terraform.io/hashicorp/azurerm\"]",
      "instances": [
        {
          "schema_version": 0,
          "attributes": {
            "access": "Allow",
            "description": "",
            "destination_address_prefix": "10.17.1.0/24",
            "destination_address_prefixes": [],
            "destination_application_security_group_ids": [],
            "destination_port_range": "*",
            "destination_port_ranges": [],
            "direction": "Inbound",
            "id": "/subscriptions/269cd6f8-65b9-4af3-b032-8cb95d5a1b00/resourceGroups/cw-centralus-rg/providers/Microsoft.Network/networkSecurityGroups/cw-centralus-aks-subnet-nsg/securityRules/AllowBastionToAKS",
            "name": "AllowBastionToAKS",
            "network_security_group_name": "cw-centralus-aks-subnet-nsg",
            "priority": 100,
            "protocol": "*",
            "resource_group_name": "cw-centralus-rg",
            "source_address_prefix": "10.17.2.0/24",
            "source_address_prefixes": [],
            "source_application_security_group_ids": [],
            "source_port_range": "*",
            "source_port_ranges": [],
            "timeouts": null
          },
          "sensitive_attributes": [],
          "private": "eyJlMmJmYjczMC1lY2FhLTExZTYtOGY4OC0zNDM2M2JjN2M0YzAiOnsiY3JlYXRlIjoxODAwMDAwMDAwMDAwLCJkZWxldGUiOjE4MDAwMDAwMDAwMDAsInJlYWQiOjMwMDAwMDAwMDAwMCwidXBkYXRlIjoxODAwMDAwMDAwMDAwfX0=",
          "dependencies": [
            "module.resource_group.azurerm_resource_group.this",
            "module.vnet.azurerm_network_security_group.aks_nsg"
          ]
        }
      ]
    },
    {
      "module": "module.vnet",
      "mode": "managed",
      "type": "azurerm_subnet",
      "name": "aks",
      "provider": "provider[\"registry.terraform.io/hashicorp/azurerm\"]",
      "instances": [
        {
          "schema_version": 0,
          "attributes": {
            "address_prefixes": [
              "10.17.1.0/24"
            ],
            "default_outbound_access_enabled": true,
            "delegation": [],
            "enforce_private_link_endpoint_network_policies": false,
            "enforce_private_link_service_network_policies": false,
            "id": "/subscriptions/269cd6f8-65b9-4af3-b032-8cb95d5a1b00/resourceGroups/cw-centralus-rg/providers/Microsoft.Network/virtualNetworks/cw-centralus-vnet/subnets/cw-centralus-aks-subnet",
            "name": "cw-centralus-aks-subnet",
            "private_endpoint_network_policies": "Enabled",
            "private_endpoint_network_policies_enabled": true,
            "private_link_service_network_policies_enabled": true,
            "resource_group_name": "cw-centralus-rg",
            "service_endpoint_policy_ids": [],
            "service_endpoints": [],
            "timeouts": null,
            "virtual_network_name": "cw-centralus-vnet"
          },
          "sensitive_attributes": [],
          "private": "eyJlMmJmYjczMC1lY2FhLTExZTYtOGY4OC0zNDM2M2JjN2M0YzAiOnsiY3JlYXRlIjoxODAwMDAwMDAwMDAwLCJkZWxldGUiOjE4MDAwMDAwMDAwMDAsInJlYWQiOjMwMDAwMDAwMDAwMCwidXBkYXRlIjoxODAwMDAwMDAwMDAwfX0=",
          "dependencies": [
            "module.resource_group.azurerm_resource_group.this",
            "module.vnet.azurerm_virtual_network.this"
          ]
        }
      ]
    },
    {
      "module": "module.vnet",
      "mode": "managed",
      "type": "azurerm_subnet",
      "name": "db",
      "provider": "provider[\"registry.terraform.io/hashicorp/azurerm\"]",
      "instances": [
        {
          "schema_version": 0,
          "attributes": {
            "address_prefixes": [
              "10.17.3.0/24"
            ],
            "default_outbound_access_enabled": true,
            "delegation": [],
            "enforce_private_link_endpoint_network_policies": false,
            "enforce_private_link_service_network_policies": false,
            "id": "/subscriptions/269cd6f8-65b9-4af3-b032-8cb95d5a1b00/resourceGroups/cw-centralus-rg/providers/Microsoft.Network/virtualNetworks/cw-centralus-vnet/subnets/cw-centralus-db-subnet",
            "name": "cw-centralus-db-subnet",
            "private_endpoint_network_policies": "Enabled",
            "private_endpoint_network_policies_enabled": true,
            "private_link_service_network_policies_enabled": true,
            "resource_group_name": "cw-centralus-rg",
            "service_endpoint_policy_ids": [],
            "service_endpoints": [],
            "timeouts": null,
            "virtual_network_name": "cw-centralus-vnet"
          },
          "sensitive_attributes": [],
          "private": "eyJlMmJmYjczMC1lY2FhLTExZTYtOGY4OC0zNDM2M2JjN2M0YzAiOnsiY3JlYXRlIjoxODAwMDAwMDAwMDAwLCJkZWxldGUiOjE4MDAwMDAwMDAwMDAsInJlYWQiOjMwMDAwMDAwMDAwMCwidXBkYXRlIjoxODAwMDAwMDAwMDAwfX0=",
          "dependencies": [
            "module.resource_group.azurerm_resource_group.this",
            "module.vnet.azurerm_virtual_network.this"
          ]
        }
      ]
    },
    {
      "module": "module.vnet",
      "mode": "managed",
      "type": "azurerm_subnet",
      "name": "public",
      "provider": "provider[\"registry.terraform.io/hashicorp/azurerm\"]",
      "instances": [
        {
          "schema_version": 0,
          "attributes": {
            "address_prefixes": [
              "10.17.2.0/24"
            ],
            "default_outbound_access_enabled": true,
            "delegation": [],
            "enforce_private_link_endpoint_network_policies": false,
            "enforce_private_link_service_network_policies": false,
            "id": "/subscriptions/269cd6f8-65b9-4af3-b032-8cb95d5a1b00/resourceGroups/cw-centralus-rg/providers/Microsoft.Network/virtualNetworks/cw-centralus-vnet/subnets/cw-centralus-public-subnet",
            "name": "cw-centralus-public-subnet",
            "private_endpoint_network_policies": "Enabled",
            "private_endpoint_network_policies_enabled": true,
            "private_link_service_network_policies_enabled": true,
            "resource_group_name": "cw-centralus-rg",
            "service_endpoint_policy_ids": [],
            "service_endpoints": [],
            "timeouts": null,
            "virtual_network_name": "cw-centralus-vnet"
          },
          "sensitive_attributes": [],
          "private": "eyJlMmJmYjczMC1lY2FhLTExZTYtOGY4OC0zNDM2M2JjN2M0YzAiOnsiY3JlYXRlIjoxODAwMDAwMDAwMDAwLCJkZWxldGUiOjE4MDAwMDAwMDAwMDAsInJlYWQiOjMwMDAwMDAwMDAwMCwidXBkYXRlIjoxODAwMDAwMDAwMDAwfX0=",
          "dependencies": [
            "module.resource_group.azurerm_resource_group.this",
            "module.vnet.azurerm_virtual_network.this"
          ]
        }
      ]
    },
    {
      "module": "module.vnet",
      "mode": "managed",
      "type": "azurerm_subnet_network_security_group_association",
      "name": "aks_subnet_assoc",
      "provider": "provider[\"registry.terraform.io/hashicorp/azurerm\"]",
      "instances": [
        {
          "schema_version": 0,
          "attributes": {
            "id": "/subscriptions/269cd6f8-65b9-4af3-b032-8cb95d5a1b00/resourceGroups/cw-centralus-rg/providers/Microsoft.Network/virtualNetworks/cw-centralus-vnet/subnets/cw-centralus-aks-subnet",
            "network_security_group_id": "/subscriptions/269cd6f8-65b9-4af3-b032-8cb95d5a1b00/resourceGroups/cw-centralus-rg/providers/Microsoft.Network/networkSecurityGroups/cw-centralus-aks-subnet-nsg",
            "subnet_id": "/subscriptions/269cd6f8-65b9-4af3-b032-8cb95d5a1b00/resourceGroups/cw-centralus-rg/providers/Microsoft.Network/virtualNetworks/cw-centralus-vnet/subnets/cw-centralus-aks-subnet",
            "timeouts": null
          },
          "sensitive_attributes": [],
          "private": "eyJlMmJmYjczMC1lY2FhLTExZTYtOGY4OC0zNDM2M2JjN2M0YzAiOnsiY3JlYXRlIjoxODAwMDAwMDAwMDAwLCJkZWxldGUiOjE4MDAwMDAwMDAwMDAsInJlYWQiOjMwMDAwMDAwMDAwMH19",
          "dependencies": [
            "module.resource_group.azurerm_resource_group.this",
            "module.vnet.azurerm_network_security_group.aks_nsg",
            "module.vnet.azurerm_subnet.aks",
            "module.vnet.azurerm_virtual_network.this"
          ]
        }
      ]
    },
    {
      "module": "module.vnet",
      "mode": "managed",
      "type": "azurerm_virtual_network",
      "name": "this",
      "provider": "provider[\"registry.terraform.io/hashicorp/azurerm\"]",
      "instances": [
        {
          "schema_version": 0,
          "attributes": {
            "address_space": [
              "10.17.0.0/16"
            ],
            "bgp_community": "",
            "ddos_protection_plan": [],
            "dns_servers": [],
            "edge_zone": "",
            "encryption": [],
            "flow_timeout_in_minutes": 0,
            "guid": "127983b2-eb2e-4215-8eae-5b71b71be020",
            "id": "/subscriptions/269cd6f8-65b9-4af3-b032-8cb95d5a1b00/resourceGroups/cw-centralus-rg/providers/Microsoft.Network/virtualNetworks/cw-centralus-vnet",
            "location": "centralus",
            "name": "cw-centralus-vnet",
            "resource_group_name": "cw-centralus-rg",
            "subnet": [
              {
                "address_prefix": "10.17.1.0/24",
                "id": "/subscriptions/269cd6f8-65b9-4af3-b032-8cb95d5a1b00/resourceGroups/cw-centralus-rg/providers/Microsoft.Network/virtualNetworks/cw-centralus-vnet/subnets/cw-centralus-aks-subnet",
                "name": "cw-centralus-aks-subnet",
                "security_group": "/subscriptions/269cd6f8-65b9-4af3-b032-8cb95d5a1b00/resourceGroups/cw-centralus-rg/providers/Microsoft.Network/networkSecurityGroups/cw-centralus-aks-subnet-nsg"
              },
              {
                "address_prefix": "10.17.2.0/24",
                "id": "/subscriptions/269cd6f8-65b9-4af3-b032-8cb95d5a1b00/resourceGroups/cw-centralus-rg/providers/Microsoft.Network/virtualNetworks/cw-centralus-vnet/subnets/cw-centralus-public-subnet",
                "name": "cw-centralus-public-subnet",
                "security_group": ""
              },
              {
                "address_prefix": "10.17.3.0/24",
                "id": "/subscriptions/269cd6f8-65b9-4af3-b032-8cb95d5a1b00/resourceGroups/cw-centralus-rg/providers/Microsoft.Network/virtualNetworks/cw-centralus-vnet/subnets/cw-centralus-db-subnet",
                "name": "cw-centralus-db-subnet",
                "security_group": ""
              }
            ],
            "tags": {
              "environment": "dev",
              "project": "cw"
            },
            "timeouts": null
          },
          "sensitive_attributes": [],
          "private": "eyJlMmJmYjczMC1lY2FhLTExZTYtOGY4OC0zNDM2M2JjN2M0YzAiOnsiY3JlYXRlIjoxODAwMDAwMDAwMDAwLCJkZWxldGUiOjE4MDAwMDAwMDAwMDAsInJlYWQiOjMwMDAwMDAwMDAwMCwidXBkYXRlIjoxODAwMDAwMDAwMDAwfX0=",
          "dependencies": [
            "module.resource_group.azurerm_resource_group.this"
          ]
        }
      ]
    }
  ],
  "check_results": null
}
